// !$*UTF8*$!
{
	archiveVersion = 1;
	classes = {
	};
	objectVersion = 46;
	objects = {

/* Begin PBXBuildFile section */
		07B3BFB9D6B050881E590879 /* SelectDesignIntent.swift in Sources */ = {isa = PBXBuildFile; fileRef = 0A8A1D825E31A3BA40FF3F02 /* SelectDesignIntent.swift */; };
		154CEFF864CE580A80F0C447 /* CarConnectionWatcher.swift in Sources */ = {isa = PBXBuildFile; fileRef = BA76A57656029B4FC7829E55 /* CarConnectionWatcher.swift */; };
		3977490E72AE33BEE95B6F66 /* AudioNormalizer.swift in Sources */ = {isa = PBXBuildFile; fileRef = FBA5FC32161D41C28ED868F2 /* AudioNormalizer.swift */; };
		3A87ADC771CBD380C2FBB0CC /* ShortcutsGuideView.swift in Sources */ = {isa = PBXBuildFile; fileRef = 01CE71DD14B6F2EEF4E06364 /* ShortcutsGuideView.swift */; };
		3D63DB0B5002ED933D9C95AB /* CarWidget.swift in Sources */ = {isa = PBXBuildFile; fileRef = DC557E6C7A9CC5B7B9A41C3B /* CarWidget.swift */; };
		481D41A7CB7940DD001A64DF /* SpeechSoundView.swift in Sources */ = {isa = PBXBuildFile; fileRef = A5DD1571D25C1537E14420C1 /* SpeechSoundView.swift */; };
		4CCB0684EE2388A624CEE543 /* StartupSoundIntents.swift in Sources */ = {isa = PBXBuildFile; fileRef = FE950A22409BA3894155F089 /* StartupSoundIntents.swift */; };
		52EA0674587006272D183A8B /* WidgetEditorView.swift in Sources */ = {isa = PBXBuildFile; fileRef = 210ED06534806B6CF5F6D018 /* WidgetEditorView.swift */; };
		5AFBA29B27DD2C6685EABF7C /* CarplayinitWidget.appex in Embed Foundation Extensions */ = {isa = PBXBuildFile; fileRef = EBC94C915694F31157625CC9 /* CarplayinitWidget.appex */; settings = {ATTRIBUTES = (RemoveHeadersOnCopy, ); }; };
		5D96AA69324330264749399C /* Brands.xcassets in Resources */ = {isa = PBXBuildFile; fileRef = 8D009B7636ACB88384F83760 /* Brands.xcassets */; };
		6623E9C9A73CEF72E1227AED /* SelectDesignIntent.swift in Sources */ = {isa = PBXBuildFile; fileRef = 0A8A1D825E31A3BA40FF3F02 /* SelectDesignIntent.swift */; };
		66F26FA477DDD087A9F16DBD /* Brand.swift in Sources */ = {isa = PBXBuildFile; fileRef = A4D92F990AFEC2AA446FBE57 /* Brand.swift */; };
		677632A870701574FB28AB8E /* CarplayinitWidgetBundle.swift in Sources */ = {isa = PBXBuildFile; fileRef = 4FCB3ABBD0FC6986F26340CC /* CarplayinitWidgetBundle.swift */; };
		7EA03D4E0DD1183CAF145C13 /* VehicleEditorView.swift in Sources */ = {isa = PBXBuildFile; fileRef = EAAB8176C4624CE79F428578 /* VehicleEditorView.swift */; };
		80DB4DE9B3E2FDD416B87635 /* ColorHex.swift in Sources */ = {isa = PBXBuildFile; fileRef = 7EEF1853372E68B0EF4F7EEC /* ColorHex.swift */; };
		831C8B3878E6D53FBE028E7E /* CarplayinitApp.swift in Sources */ = {isa = PBXBuildFile; fileRef = 2148887EA2165FC7889AF0E1 /* CarplayinitApp.swift */; };
		8831A552850CB0F5E21A8309 /* StartupSoundPlayer.swift in Sources */ = {isa = PBXBuildFile; fileRef = A3D843D80BD281678990EE99 /* StartupSoundPlayer.swift */; };
		8F57692DEA76A930148C172B /* WidgetDesign.swift in Sources */ = {isa = PBXBuildFile; fileRef = E9982C96DB789F48D427B3C5 /* WidgetDesign.swift */; };
		90A68E842EC2796265E6A903 /* SettingsView.swift in Sources */ = {isa = PBXBuildFile; fileRef = 75D4A7120A9C02133B413965 /* SettingsView.swift */; };
		9217DACA0AEB55C479E5F2C2 /* ChimeSynth.swift in Sources */ = {isa = PBXBuildFile; fileRef = FB7D413C83FCBFA72567BA74 /* ChimeSynth.swift */; };
		930EECC0731B92C75CBAA204 /* SpeechSynth.swift in Sources */ = {isa = PBXBuildFile; fileRef = 5CA415FC6FC53918DECD9993 /* SpeechSynth.swift */; };
		970A41AAA9FCB1B4FEF64604 /* GuideView.swift in Sources */ = {isa = PBXBuildFile; fileRef = 701C44F4CB14B5B750E62F6C /* GuideView.swift */; };
		9EA64533B445032D9B40C59E /* ChimeRecipes.swift in Sources */ = {isa = PBXBuildFile; fileRef = EF1F6718FAA0824F6EF8703A /* ChimeRecipes.swift */; };
		A0200D9E6D783D9FAD87F45D /* RootView.swift in Sources */ = {isa = PBXBuildFile; fileRef = 2ACE2C5F035B9F73B950318C /* RootView.swift */; };
		A2361AA670B74FC5C49626EC /* Brands.xcassets in Resources */ = {isa = PBXBuildFile; fileRef = 8D009B7636ACB88384F83760 /* Brands.xcassets */; };
		A3C322E3CBED504C3ADB1C2B /* Garage.swift in Sources */ = {isa = PBXBuildFile; fileRef = 341966E0A2956C16B86837DA /* Garage.swift */; };
		AA9872C8AD027649237DA3F9 /* StartupSound.swift in Sources */ = {isa = PBXBuildFile; fileRef = 7AA5346E2B3D308800230EF1 /* StartupSound.swift */; };
		B5F4E015E5893167BEDF0B16 /* TrimSoundView.swift in Sources */ = {isa = PBXBuildFile; fileRef = E03BDA29DCABA2ACC00C4419 /* TrimSoundView.swift */; };
		BAB3D79807EE6DDF2C70B4AB /* VehicleProfile.swift in Sources */ = {isa = PBXBuildFile; fileRef = 111783557C4F61E9045F308D /* VehicleProfile.swift */; };
		C5A5513DBDFA6796F9533AE2 /* CarWidgetCard.swift in Sources */ = {isa = PBXBuildFile; fileRef = 1BF8C743D2734E7567EA8CEE /* CarWidgetCard.swift */; };
		C5EF5E908BD1F68FE7478344 /* SharedStore.swift in Sources */ = {isa = PBXBuildFile; fileRef = 5AEC29E3219F4C86A8EE4298 /* SharedStore.swift */; };
		CA618C137950BF1DC18862DA /* brands.json in Resources */ = {isa = PBXBuildFile; fileRef = 49E422A0ED45B8E0D56919DB /* brands.json */; };
		CE98B1C1719B0915B49CA8A0 /* VehicleProfile.swift in Sources */ = {isa = PBXBuildFile; fileRef = 111783557C4F61E9045F308D /* VehicleProfile.swift */; };
		D21C8FDFF15D9D70C2B25525 /* brands.json in Resources */ = {isa = PBXBuildFile; fileRef = 49E422A0ED45B8E0D56919DB /* brands.json */; };
		D32DFA1B56B0114BF0B34D1E /* LegacyMigration.swift in Sources */ = {isa = PBXBuildFile; fileRef = B62CD7E69488E9F39E5F6BC3 /* LegacyMigration.swift */; };
		D42D40BC6573A9D8754466C8 /* CarWidgetCard.swift in Sources */ = {isa = PBXBuildFile; fileRef = 1BF8C743D2734E7567EA8CEE /* CarWidgetCard.swift */; };
		D9E9D842A329F1A0B7AF9E53 /* Brand.swift in Sources */ = {isa = PBXBuildFile; fileRef = A4D92F990AFEC2AA446FBE57 /* Brand.swift */; };
		DC7DDF09BC1980D1C68B12D3 /* ColorHex.swift in Sources */ = {isa = PBXBuildFile; fileRef = 7EEF1853372E68B0EF4F7EEC /* ColorHex.swift */; };
		E57BFF9DC8948DB462DE7ED4 /* GarageView.swift in Sources */ = {isa = PBXBuildFile; fileRef = 86811551E3E08D1F9CD10C09 /* GarageView.swift */; };
		E8D0E7D0A8338C12A0F45D0F /* SoundsView.swift in Sources */ = {isa = PBXBuildFile; fileRef = 1252BC63B4FCE2D325A412E5 /* SoundsView.swift */; };
		EC12981799DC37C8BA11BBE5 /* WidgetDesign.swift in Sources */ = {isa = PBXBuildFile; fileRef = E9982C96DB789F48D427B3C5 /* WidgetDesign.swift */; };
		F1B8855D2931F9B81674FDAE /* Assets.xcassets in Resources */ = {isa = PBXBuildFile; fileRef = AC5AB3DAD38A8897580CEEC4 /* Assets.xcassets */; };
		F1CF47ACFF32235292AAA651 /* GarageSeed.swift in Sources */ = {isa = PBXBuildFile; fileRef = 94DE20640A2A362524A82AAB /* GarageSeed.swift */; };
		F8C1CACEAD63EFF6F54C40EC /* SoundLibrary.swift in Sources */ = {isa = PBXBuildFile; fileRef = 270B6374EC4B13ADAC55E5E4 /* SoundLibrary.swift */; };
		FE17E9CCD3BC3A964DE9E294 /* SharedStore.swift in Sources */ = {isa = PBXBuildFile; fileRef = 5AEC29E3219F4C86A8EE4298 /* SharedStore.swift */; };
		FF2FA8BE2858FD3B52D7753F /* StartupSound.swift in Sources */ = {isa = PBXBuildFile; fileRef = 7AA5346E2B3D308800230EF1 /* StartupSound.swift */; };
/* End PBXBuildFile section */

/* Begin PBXContainerItemProxy section */
		8AAC89D0775A058F2215458B /* PBXContainerItemProxy */ = {
			isa = PBXContainerItemProxy;
			containerPortal = 0514A97E79142F71642DF963 /* Project object */;
			proxyType = 1;
			remoteGlobalIDString = 3C4D63585EA250541FC0B869;
			remoteInfo = CarplayinitWidget;
		};
/* End PBXContainerItemProxy section */

/* Begin PBXCopyFilesBuildPhase section */
		11A2D21A461B90AE85AD4EDA /* Embed Foundation Extensions */ = {
			isa = PBXCopyFilesBuildPhase;
			buildActionMask = 2147483647;
			dstPath = "";
			dstSubfolderSpec = 13;
			files = (
				5AFBA29B27DD2C6685EABF7C /* CarplayinitWidget.appex in Embed Foundation Extensions */,
			);
			name = "Embed Foundation Extensions";
			runOnlyForDeploymentPostprocessing = 0;
		};
/* End PBXCopyFilesBuildPhase section */

/* Begin PBXFileReference section */
		01CE71DD14B6F2EEF4E06364 /* ShortcutsGuideView.swift */ = {isa = PBXFileReference; includeInIndex = 1; lastKnownFileType = sourcecode.swift; path = ShortcutsGuideView.swift; sourceTree = "<group>"; };
		0A8A1D825E31A3BA40FF3F02 /* SelectDesignIntent.swift */ = {isa = PBXFileReference; includeInIndex = 1; lastKnownFileType = sourcecode.swift; path = SelectDesignIntent.swift; sourceTree = "<group>"; };
		100167886372DED926B85C5D /* Foundation.framework */ = {isa = PBXFileReference; lastKnownFileType = wrapper.framework; name = Foundation.framework; path = Platforms/iPhoneOS.platform/Developer/SDKs/iPhoneOS18.0.sdk/System/Library/Frameworks/Foundation.framework; sourceTree = DEVELOPER_DIR; };
		111783557C4F61E9045F308D /* VehicleProfile.swift */ = {isa = PBXFileReference; includeInIndex = 1; lastKnownFileType = sourcecode.swift; path = VehicleProfile.swift; sourceTree = "<group>"; };
		1252BC63B4FCE2D325A412E5 /* SoundsView.swift */ = {isa = PBXFileReference; includeInIndex = 1; lastKnownFileType = sourcecode.swift; path = SoundsView.swift; sourceTree = "<group>"; };
		1BF8C743D2734E7567EA8CEE /* CarWidgetCard.swift */ = {isa = PBXFileReference; includeInIndex = 1; lastKnownFileType = sourcecode.swift; path = CarWidgetCard.swift; sourceTree = "<group>"; };
		210ED06534806B6CF5F6D018 /* WidgetEditorView.swift */ = {isa = PBXFileReference; includeInIndex = 1; lastKnownFileType = sourcecode.swift; path = WidgetEditorView.swift; sourceTree = "<group>"; };
		2148887EA2165FC7889AF0E1 /* CarplayinitApp.swift */ = {isa = PBXFileReference; includeInIndex = 1; lastKnownFileType = sourcecode.swift; path = CarplayinitApp.swift; sourceTree = "<group>"; };
		270B6374EC4B13ADAC55E5E4 /* SoundLibrary.swift */ = {isa = PBXFileReference; includeInIndex = 1; lastKnownFileType = sourcecode.swift; path = SoundLibrary.swift; sourceTree = "<group>"; };
		2ACE2C5F035B9F73B950318C /* RootView.swift */ = {isa = PBXFileReference; includeInIndex = 1; lastKnownFileType = sourcecode.swift; path = RootView.swift; sourceTree = "<group>"; };
		341966E0A2956C16B86837DA /* Garage.swift */ = {isa = PBXFileReference; includeInIndex = 1; lastKnownFileType = sourcecode.swift; path = Garage.swift; sourceTree = "<group>"; };
		40CC7688164DB1098AE21535 /* Carplayinit.entitlements */ = {isa = PBXFileReference; includeInIndex = 1; lastKnownFileType = text.plist.entitlements; path = Carplayinit.entitlements; sourceTree = "<group>"; };
		49E422A0ED45B8E0D56919DB /* brands.json */ = {isa = PBXFileReference; includeInIndex = 1; path = brands.json; sourceTree = "<group>"; };
		4FCB3ABBD0FC6986F26340CC /* CarplayinitWidgetBundle.swift */ = {isa = PBXFileReference; includeInIndex = 1; lastKnownFileType = sourcecode.swift; path = CarplayinitWidgetBundle.swift; sourceTree = "<group>"; };
		5AEC29E3219F4C86A8EE4298 /* SharedStore.swift */ = {isa = PBXFileReference; includeInIndex = 1; lastKnownFileType = sourcecode.swift; path = SharedStore.swift; sourceTree = "<group>"; };
		5CA415FC6FC53918DECD9993 /* SpeechSynth.swift */ = {isa = PBXFileReference; includeInIndex = 1; lastKnownFileType = sourcecode.swift; path = SpeechSynth.swift; sourceTree = "<group>"; };
		701C44F4CB14B5B750E62F6C /* GuideView.swift */ = {isa = PBXFileReference; includeInIndex = 1; lastKnownFileType = sourcecode.swift; path = GuideView.swift; sourceTree = "<group>"; };
		75D4A7120A9C02133B413965 /* SettingsView.swift */ = {isa = PBXFileReference; includeInIndex = 1; lastKnownFileType = sourcecode.swift; path = SettingsView.swift; sourceTree = "<group>"; };
		7AA5346E2B3D308800230EF1 /* StartupSound.swift */ = {isa = PBXFileReference; includeInIndex = 1; lastKnownFileType = sourcecode.swift; path = StartupSound.swift; sourceTree = "<group>"; };
		7EEF1853372E68B0EF4F7EEC /* ColorHex.swift */ = {isa = PBXFileReference; includeInIndex = 1; lastKnownFileType = sourcecode.swift; path = ColorHex.swift; sourceTree = "<group>"; };
		814FF6E395E298A1AB5D5106 /* CarplayinitWidget.entitlements */ = {isa = PBXFileReference; includeInIndex = 1; lastKnownFileType = text.plist.entitlements; path = CarplayinitWidget.entitlements; sourceTree = "<group>"; };
		86811551E3E08D1F9CD10C09 /* GarageView.swift */ = {isa = PBXFileReference; includeInIndex = 1; lastKnownFileType = sourcecode.swift; path = GarageView.swift; sourceTree = "<group>"; };
		8D009B7636ACB88384F83760 /* Brands.xcassets */ = {isa = PBXFileReference; includeInIndex = 1; lastKnownFileType = folder.assetcatalog; path = Brands.xcassets; sourceTree = "<group>"; };
		9301C441ECA61C9A70678279 /* Carplayinit.app */ = {isa = PBXFileReference; explicitFileType = wrapper.application; includeInIndex = 0; path = Carplayinit.app; sourceTree = BUILT_PRODUCTS_DIR; };
		94DE20640A2A362524A82AAB /* GarageSeed.swift */ = {isa = PBXFileReference; includeInIndex = 1; lastKnownFileType = sourcecode.swift; path = GarageSeed.swift; sourceTree = "<group>"; };
		A3D843D80BD281678990EE99 /* StartupSoundPlayer.swift */ = {isa = PBXFileReference; includeInIndex = 1; lastKnownFileType = sourcecode.swift; path = StartupSoundPlayer.swift; sourceTree = "<group>"; };
		A4D92F990AFEC2AA446FBE57 /* Brand.swift */ = {isa = PBXFileReference; includeInIndex = 1; lastKnownFileType = sourcecode.swift; path = Brand.swift; sourceTree = "<group>"; };
		A5DD1571D25C1537E14420C1 /* SpeechSoundView.swift */ = {isa = PBXFileReference; includeInIndex = 1; lastKnownFileType = sourcecode.swift; path = SpeechSoundView.swift; sourceTree = "<group>"; };
		AC5AB3DAD38A8897580CEEC4 /* Assets.xcassets */ = {isa = PBXFileReference; includeInIndex = 1; lastKnownFileType = folder.assetcatalog; path = Assets.xcassets; sourceTree = "<group>"; };
		B03F50F63D47BD9C6C610F6D /* Info.plist */ = {isa = PBXFileReference; includeInIndex = 1; lastKnownFileType = text.plist.xml; path = Info.plist; sourceTree = "<group>"; };
		B62CD7E69488E9F39E5F6BC3 /* LegacyMigration.swift */ = {isa = PBXFileReference; includeInIndex = 1; lastKnownFileType = sourcecode.swift; path = LegacyMigration.swift; sourceTree = "<group>"; };
		BA76A57656029B4FC7829E55 /* CarConnectionWatcher.swift */ = {isa = PBXFileReference; includeInIndex = 1; lastKnownFileType = sourcecode.swift; path = CarConnectionWatcher.swift; sourceTree = "<group>"; };
		C6F7547C9E74CA0E305965A7 /* Info.plist */ = {isa = PBXFileReference; includeInIndex = 1; lastKnownFileType = text.plist.xml; path = Info.plist; sourceTree = "<group>"; };
		DC557E6C7A9CC5B7B9A41C3B /* CarWidget.swift */ = {isa = PBXFileReference; includeInIndex = 1; lastKnownFileType = sourcecode.swift; path = CarWidget.swift; sourceTree = "<group>"; };
		E03BDA29DCABA2ACC00C4419 /* TrimSoundView.swift */ = {isa = PBXFileReference; includeInIndex = 1; lastKnownFileType = sourcecode.swift; path = TrimSoundView.swift; sourceTree = "<group>"; };
		E9982C96DB789F48D427B3C5 /* WidgetDesign.swift */ = {isa = PBXFileReference; includeInIndex = 1; lastKnownFileType = sourcecode.swift; path = WidgetDesign.swift; sourceTree = "<group>"; };
		EAAB8176C4624CE79F428578 /* VehicleEditorView.swift */ = {isa = PBXFileReference; includeInIndex = 1; lastKnownFileType = sourcecode.swift; path = VehicleEditorView.swift; sourceTree = "<group>"; };
		EBC94C915694F31157625CC9 /* CarplayinitWidget.appex */ = {isa = PBXFileReference; explicitFileType = "wrapper.app-extension"; includeInIndex = 0; path = CarplayinitWidget.appex; sourceTree = BUILT_PRODUCTS_DIR; };
		EF1F6718FAA0824F6EF8703A /* ChimeRecipes.swift */ = {isa = PBXFileReference; includeInIndex = 1; lastKnownFileType = sourcecode.swift; path = ChimeRecipes.swift; sourceTree = "<group>"; };
		FB7D413C83FCBFA72567BA74 /* ChimeSynth.swift */ = {isa = PBXFileReference; includeInIndex = 1; lastKnownFileType = sourcecode.swift; path = ChimeSynth.swift; sourceTree = "<group>"; };
		FBA5FC32161D41C28ED868F2 /* AudioNormalizer.swift */ = {isa = PBXFileReference; includeInIndex = 1; lastKnownFileType = sourcecode.swift; path = AudioNormalizer.swift; sourceTree = "<group>"; };
		FE950A22409BA3894155F089 /* StartupSoundIntents.swift */ = {isa = PBXFileReference; includeInIndex = 1; lastKnownFileType = sourcecode.swift; path = StartupSoundIntents.swift; sourceTree = "<group>"; };
/* End PBXFileReference section */

/* Begin PBXFrameworksBuildPhase section */
		894E92FAD43E54711C4E669B /* Frameworks */ = {
			isa = PBXFrameworksBuildPhase;
			buildActionMask = 2147483647;
			files = (
			);
			runOnlyForDeploymentPostprocessing = 0;
		};
		E2A0ACFD76143E9074A3F67F /* Frameworks */ = {
			isa = PBXFrameworksBuildPhase;
			buildActionMask = 2147483647;
			files = (
			);
			runOnlyForDeploymentPostprocessing = 0;
		};
/* End PBXFrameworksBuildPhase section */

/* Begin PBXGroup section */
		1925E9C6378546982FB78028 /* Shared */ = {
			isa = PBXGroup;
			children = (
				A4D92F990AFEC2AA446FBE57 /* Brand.swift */,
				1BF8C743D2734E7567EA8CEE /* CarWidgetCard.swift */,
				7EEF1853372E68B0EF4F7EEC /* ColorHex.swift */,
				0A8A1D825E31A3BA40FF3F02 /* SelectDesignIntent.swift */,
				5AEC29E3219F4C86A8EE4298 /* SharedStore.swift */,
				7AA5346E2B3D308800230EF1 /* StartupSound.swift */,
				111783557C4F61E9045F308D /* VehicleProfile.swift */,
				E9982C96DB789F48D427B3C5 /* WidgetDesign.swift */,
				49E422A0ED45B8E0D56919DB /* brands.json */,
			);
			name = Shared;
			path = Shared;
			sourceTree = "<group>";
		};
		3A68716EEAC9641B51E0A090 /* Frameworks */ = {
			isa = PBXGroup;
			children = (
				A6E65E39A9365528F917A0F5 /* iOS */,
			);
			name = Frameworks;
			sourceTree = "<group>";
		};
		537E78EB72DB83A79D19944B /* Brands */ = {
			isa = PBXGroup;
			children = (
				8D009B7636ACB88384F83760 /* Brands.xcassets */,
			);
			name = Brands;
			path = Brands;
			sourceTree = "<group>";
		};
		6649122351AC1F65309EEA8C /* Views */ = {
			isa = PBXGroup;
			children = (
				86811551E3E08D1F9CD10C09 /* GarageView.swift */,
				701C44F4CB14B5B750E62F6C /* GuideView.swift */,
				2ACE2C5F035B9F73B950318C /* RootView.swift */,
				75D4A7120A9C02133B413965 /* SettingsView.swift */,
				01CE71DD14B6F2EEF4E06364 /* ShortcutsGuideView.swift */,
				1252BC63B4FCE2D325A412E5 /* SoundsView.swift */,
				A5DD1571D25C1537E14420C1 /* SpeechSoundView.swift */,
				E03BDA29DCABA2ACC00C4419 /* TrimSoundView.swift */,
				EAAB8176C4624CE79F428578 /* VehicleEditorView.swift */,
				210ED06534806B6CF5F6D018 /* WidgetEditorView.swift */,
			);
			name = Views;
			path = Views;
			sourceTree = "<group>";
		};
		79C07BD17E7C933E56870AEC /* Products */ = {
			isa = PBXGroup;
			children = (
				9301C441ECA61C9A70678279 /* Carplayinit.app */,
				EBC94C915694F31157625CC9 /* CarplayinitWidget.appex */,
			);
			name = Products;
			sourceTree = "<group>";
		};
		92ED53AF359DF220EA0A58BE /* Carplayinit */ = {
			isa = PBXGroup;
			children = (
				D3DEEDF307889598BD956325 /* Audio */,
				2148887EA2165FC7889AF0E1 /* CarplayinitApp.swift */,
				CF86B04DA03A385C3BDF4078 /* Intents */,
				9C6D6C9EC63D76FC99A42232 /* Model */,
				C2299B19B8E2B5DD3114A59E /* Resources */,
				6649122351AC1F65309EEA8C /* Views */,
				AC5AB3DAD38A8897580CEEC4 /* Assets.xcassets */,
				B03F50F63D47BD9C6C610F6D /* Info.plist */,
				40CC7688164DB1098AE21535 /* Carplayinit.entitlements */,
			);
			name = Carplayinit;
			path = Carplayinit;
			sourceTree = "<group>";
		};
		94A628CF1B0F544D249CAF92 /* CarplayinitWidget */ = {
			isa = PBXGroup;
			children = (
				DC557E6C7A9CC5B7B9A41C3B /* CarWidget.swift */,
				4FCB3ABBD0FC6986F26340CC /* CarplayinitWidgetBundle.swift */,
				C6F7547C9E74CA0E305965A7 /* Info.plist */,
				814FF6E395E298A1AB5D5106 /* CarplayinitWidget.entitlements */,
			);
			name = CarplayinitWidget;
			path = CarplayinitWidget;
			sourceTree = "<group>";
		};
		95F95019F873645FFD205979 = {
			isa = PBXGroup;
			children = (
				79C07BD17E7C933E56870AEC /* Products */,
				3A68716EEAC9641B51E0A090 /* Frameworks */,
				92ED53AF359DF220EA0A58BE /* Carplayinit */,
				94A628CF1B0F544D249CAF92 /* CarplayinitWidget */,
				1925E9C6378546982FB78028 /* Shared */,
				537E78EB72DB83A79D19944B /* Brands */,
			);
			sourceTree = "<group>";
		};
		9C6D6C9EC63D76FC99A42232 /* Model */ = {
			isa = PBXGroup;
			children = (
				341966E0A2956C16B86837DA /* Garage.swift */,
				94DE20640A2A362524A82AAB /* GarageSeed.swift */,
				B62CD7E69488E9F39E5F6BC3 /* LegacyMigration.swift */,
			);
			name = Model;
			path = Model;
			sourceTree = "<group>";
		};
		A6E65E39A9365528F917A0F5 /* iOS */ = {
			isa = PBXGroup;
			children = (
				100167886372DED926B85C5D /* Foundation.framework */,
			);
			name = iOS;
			sourceTree = "<group>";
		};
		C2299B19B8E2B5DD3114A59E /* Resources */ = {
			isa = PBXGroup;
			children = (
			);
			name = Resources;
			path = Resources;
			sourceTree = "<group>";
		};
		CF86B04DA03A385C3BDF4078 /* Intents */ = {
			isa = PBXGroup;
			children = (
				FE950A22409BA3894155F089 /* StartupSoundIntents.swift */,
			);
			name = Intents;
			path = Intents;
			sourceTree = "<group>";
		};
		D3DEEDF307889598BD956325 /* Audio */ = {
			isa = PBXGroup;
			children = (
				FBA5FC32161D41C28ED868F2 /* AudioNormalizer.swift */,
				BA76A57656029B4FC7829E55 /* CarConnectionWatcher.swift */,
				EF1F6718FAA0824F6EF8703A /* ChimeRecipes.swift */,
				FB7D413C83FCBFA72567BA74 /* ChimeSynth.swift */,
				270B6374EC4B13ADAC55E5E4 /* SoundLibrary.swift */,
				5CA415FC6FC53918DECD9993 /* SpeechSynth.swift */,
				A3D843D80BD281678990EE99 /* StartupSoundPlayer.swift */,
			);
			name = Audio;
			path = Audio;
			sourceTree = "<group>";
		};
/* End PBXGroup section */

/* Begin PBXNativeTarget section */
		148DF05D6F1C4D1D53824261 /* Carplayinit */ = {
			isa = PBXNativeTarget;
			buildConfigurationList = 641BDC71AA76153D04711769 /* Build configuration list for PBXNativeTarget "Carplayinit" */;
			buildPhases = (
				15BAE153C7BEB107FA6C9BAA /* Sources */,
				894E92FAD43E54711C4E669B /* Frameworks */,
				3CA3FF92D5265D579641DC9A /* Resources */,
				BDFCB41A4FAD709C44958EBB /* Copy startup clip */,
				11A2D21A461B90AE85AD4EDA /* Embed Foundation Extensions */,
			);
			buildRules = (
			);
			dependencies = (
				9698834DBC68347805E9F0D7 /* PBXTargetDependency */,
			);
			name = Carplayinit;
			productName = Carplayinit;
			productReference = 9301C441ECA61C9A70678279 /* Carplayinit.app */;
			productType = "com.apple.product-type.application";
		};
		3C4D63585EA250541FC0B869 /* CarplayinitWidget */ = {
			isa = PBXNativeTarget;
			buildConfigurationList = 1F8FC0A4B64E87F4BB6FD94F /* Build configuration list for PBXNativeTarget "CarplayinitWidget" */;
			buildPhases = (
				AEE14373EF5361791AC37961 /* Sources */,
				E2A0ACFD76143E9074A3F67F /* Frameworks */,
				17234FA05D27887D0579FB70 /* Resources */,
			);
			buildRules = (
			);
			dependencies = (
			);
			name = CarplayinitWidget;
			productName = CarplayinitWidget;
			productReference = EBC94C915694F31157625CC9 /* CarplayinitWidget.appex */;
			productType = "com.apple.product-type.app-extension";
		};
/* End PBXNativeTarget section */

/* Begin PBXProject section */
		0514A97E79142F71642DF963 /* Project object */ = {
			isa = PBXProject;
			attributes = {
				LastSwiftUpdateCheck = 1600;
				LastUpgradeCheck = 1600;
			};
			buildConfigurationList = 38DBC9A569FA87683BF5E88C /* Build configuration list for PBXProject "Carplayinit" */;
			compatibilityVersion = "Xcode 3.2";
			developmentRegion = en;
			hasScannedForEncodings = 0;
			knownRegions = (
				en,
				Base,
			);
			mainGroup = 95F95019F873645FFD205979;
			minimizedProjectReferenceProxies = 0;
			preferredProjectObjectVersion = 77;
			productRefGroup = 79C07BD17E7C933E56870AEC /* Products */;
			projectDirPath = "";
			projectRoot = "";
			targets = (
				148DF05D6F1C4D1D53824261 /* Carplayinit */,
				3C4D63585EA250541FC0B869 /* CarplayinitWidget */,
			);
		};
/* End PBXProject section */

/* Begin PBXResourcesBuildPhase section */
		17234FA05D27887D0579FB70 /* Resources */ = {
			isa = PBXResourcesBuildPhase;
			buildActionMask = 2147483647;
			files = (
				D21C8FDFF15D9D70C2B25525 /* brands.json in Resources */,
				5D96AA69324330264749399C /* Brands.xcassets in Resources */,
			);
			runOnlyForDeploymentPostprocessing = 0;
		};
		3CA3FF92D5265D579641DC9A /* Resources */ = {
			isa = PBXResourcesBuildPhase;
			buildActionMask = 2147483647;
			files = (
				CA618C137950BF1DC18862DA /* brands.json in Resources */,
				A2361AA670B74FC5C49626EC /* Brands.xcassets in Resources */,
				F1B8855D2931F9B81674FDAE /* Assets.xcassets in Resources */,
			);
			runOnlyForDeploymentPostprocessing = 0;
		};
/* End PBXResourcesBuildPhase section */

/* Begin PBXShellScriptBuildPhase section */
		BDFCB41A4FAD709C44958EBB /* Copy startup clip */ = {
			isa = PBXShellScriptBuildPhase;
			buildActionMask = 2147483647;
			files = (
			);
			inputFileListPaths = (
			);
			inputPaths = (
				"$(SRCROOT)/Carplayinit/Resources/startup-clip.m4a",
			);
			name = "Copy startup clip";
			outputFileListPaths = (
			);
			outputPaths = (
				"$(TARGET_BUILD_DIR)/$(UNLOCALIZED_RESOURCES_FOLDER_PATH)/startup-clip.m4a",
			);
			runOnlyForDeploymentPostprocessing = 0;
			shellPath = /bin/sh;
			shellScript = "if [ -f \"$SCRIPT_INPUT_FILE_0\" ]; then\n  mkdir -p \"$(dirname \"$SCRIPT_OUTPUT_FILE_0\")\"\n  cp -f \"$SCRIPT_INPUT_FILE_0\" \"$SCRIPT_OUTPUT_FILE_0\"\nelse\n  echo \"note: sin clip propio en Carplayinit/Resources; se usan los chimes sintetizados\"\nfi\n";
		};
/* End PBXShellScriptBuildPhase section */

/* Begin PBXSourcesBuildPhase section */
		15BAE153C7BEB107FA6C9BAA /* Sources */ = {
			isa = PBXSourcesBuildPhase;
			buildActionMask = 2147483647;
			files = (
				3977490E72AE33BEE95B6F66 /* AudioNormalizer.swift in Sources */,
				154CEFF864CE580A80F0C447 /* CarConnectionWatcher.swift in Sources */,
				9EA64533B445032D9B40C59E /* ChimeRecipes.swift in Sources */,
				9217DACA0AEB55C479E5F2C2 /* ChimeSynth.swift in Sources */,
				F8C1CACEAD63EFF6F54C40EC /* SoundLibrary.swift in Sources */,
				930EECC0731B92C75CBAA204 /* SpeechSynth.swift in Sources */,
				8831A552850CB0F5E21A8309 /* StartupSoundPlayer.swift in Sources */,
				831C8B3878E6D53FBE028E7E /* CarplayinitApp.swift in Sources */,
				4CCB0684EE2388A624CEE543 /* StartupSoundIntents.swift in Sources */,
				A3C322E3CBED504C3ADB1C2B /* Garage.swift in Sources */,
				F1CF47ACFF32235292AAA651 /* GarageSeed.swift in Sources */,
				D32DFA1B56B0114BF0B34D1E /* LegacyMigration.swift in Sources */,
				E57BFF9DC8948DB462DE7ED4 /* GarageView.swift in Sources */,
				970A41AAA9FCB1B4FEF64604 /* GuideView.swift in Sources */,
				A0200D9E6D783D9FAD87F45D /* RootView.swift in Sources */,
				90A68E842EC2796265E6A903 /* SettingsView.swift in Sources */,
				3A87ADC771CBD380C2FBB0CC /* ShortcutsGuideView.swift in Sources */,
				E8D0E7D0A8338C12A0F45D0F /* SoundsView.swift in Sources */,
				481D41A7CB7940DD001A64DF /* SpeechSoundView.swift in Sources */,
				B5F4E015E5893167BEDF0B16 /* TrimSoundView.swift in Sources */,
				7EA03D4E0DD1183CAF145C13 /* VehicleEditorView.swift in Sources */,
				52EA0674587006272D183A8B /* WidgetEditorView.swift in Sources */,
				66F26FA477DDD087A9F16DBD /* Brand.swift in Sources */,
				C5A5513DBDFA6796F9533AE2 /* CarWidgetCard.swift in Sources */,
				DC7DDF09BC1980D1C68B12D3 /* ColorHex.swift in Sources */,
				07B3BFB9D6B050881E590879 /* SelectDesignIntent.swift in Sources */,
				FE17E9CCD3BC3A964DE9E294 /* SharedStore.swift in Sources */,
				FF2FA8BE2858FD3B52D7753F /* StartupSound.swift in Sources */,
				CE98B1C1719B0915B49CA8A0 /* VehicleProfile.swift in Sources */,
				EC12981799DC37C8BA11BBE5 /* WidgetDesign.swift in Sources */,
			);
			runOnlyForDeploymentPostprocessing = 0;
		};
		AEE14373EF5361791AC37961 /* Sources */ = {
			isa = PBXSourcesBuildPhase;
			buildActionMask = 2147483647;
			files = (
				3D63DB0B5002ED933D9C95AB /* CarWidget.swift in Sources */,
				677632A870701574FB28AB8E /* CarplayinitWidgetBundle.swift in Sources */,
				D9E9D842A329F1A0B7AF9E53 /* Brand.swift in Sources */,
				D42D40BC6573A9D8754466C8 /* CarWidgetCard.swift in Sources */,
				80DB4DE9B3E2FDD416B87635 /* ColorHex.swift in Sources */,
				6623E9C9A73CEF72E1227AED /* SelectDesignIntent.swift in Sources */,
				C5EF5E908BD1F68FE7478344 /* SharedStore.swift in Sources */,
				AA9872C8AD027649237DA3F9 /* StartupSound.swift in Sources */,
				BAB3D79807EE6DDF2C70B4AB /* VehicleProfile.swift in Sources */,
				8F57692DEA76A930148C172B /* WidgetDesign.swift in Sources */,
			);
			runOnlyForDeploymentPostprocessing = 0;
		};
/* End PBXSourcesBuildPhase section */

/* Begin PBXTargetDependency section */
		9698834DBC68347805E9F0D7 /* PBXTargetDependency */ = {
			isa = PBXTargetDependency;
			name = CarplayinitWidget;
			target = 3C4D63585EA250541FC0B869 /* CarplayinitWidget */;
			targetProxy = 8AAC89D0775A058F2215458B /* PBXContainerItemProxy */;
		};
/* End PBXTargetDependency section */

/* Begin XCBuildConfiguration section */
		1751E8711DEFB36E5EE0072C /* Release */ = {
			isa = XCBuildConfiguration;
			buildSettings = {
				ASSETCATALOG_COMPILER_APPICON_NAME = AppIcon;
				ASSETCATALOG_COMPILER_GLOBAL_ACCENT_COLOR_NAME = AccentColor;
				CLANG_ENABLE_OBJC_WEAK = NO;
				CODE_SIGN_ENTITLEMENTS = Carplayinit/Carplayinit.entitlements;
				CODE_SIGN_STYLE = Automatic;
				CURRENT_PROJECT_VERSION = 1;
				DEVELOPMENT_TEAM = JKMR84FU58;
				ENABLE_USER_SCRIPT_SANDBOXING = YES;
				GENERATE_INFOPLIST_FILE = NO;
				INFOPLIST_FILE = Carplayinit/Info.plist;
				IPHONEOS_DEPLOYMENT_TARGET = 26.5;
				LD_RUNPATH_SEARCH_PATHS = "$(inherited) @executable_path/Frameworks";
				MARKETING_VERSION = 1.0;
				PRODUCT_BUNDLE_IDENTIFIER = Altamirano.Carplayinit;
				PRODUCT_NAME = "$(TARGET_NAME)";
				SDKROOT = iphoneos;
				SWIFT_EMIT_LOC_STRINGS = YES;
				SWIFT_VERSION = 5.0;
				TARGETED_DEVICE_FAMILY = "1,2";
				VALIDATE_PRODUCT = YES;
			};
			name = Release;
		};
		B70292B118692990F7A273A8 /* Debug */ = {
			isa = XCBuildConfiguration;
			buildSettings = {
				ASSETCATALOG_COMPILER_APPICON_NAME = AppIcon;
				ASSETCATALOG_COMPILER_GLOBAL_ACCENT_COLOR_NAME = AccentColor;
				CLANG_ENABLE_OBJC_WEAK = NO;
				CODE_SIGN_ENTITLEMENTS = Carplayinit/Carplayinit.entitlements;
				CODE_SIGN_STYLE = Automatic;
				CURRENT_PROJECT_VERSION = 1;
				DEVELOPMENT_TEAM = JKMR84FU58;
				ENABLE_USER_SCRIPT_SANDBOXING = YES;
				GENERATE_INFOPLIST_FILE = NO;
				INFOPLIST_FILE = Carplayinit/Info.plist;
				IPHONEOS_DEPLOYMENT_TARGET = 26.5;
				LD_RUNPATH_SEARCH_PATHS = "$(inherited) @executable_path/Frameworks";
				MARKETING_VERSION = 1.0;
				PRODUCT_BUNDLE_IDENTIFIER = Altamirano.Carplayinit;
				PRODUCT_NAME = "$(TARGET_NAME)";
				SDKROOT = iphoneos;
				SWIFT_EMIT_LOC_STRINGS = YES;
				SWIFT_VERSION = 5.0;
				TARGETED_DEVICE_FAMILY = "1,2";
			};
			name = Debug;
		};
		CC9A16160D2816C63478093D /* Release */ = {
			isa = XCBuildConfiguration;
			buildSettings = {
				ALWAYS_SEARCH_USER_PATHS = NO;
				CLANG_ANALYZER_NONNULL = YES;
				CLANG_ANALYZER_NUMBER_OBJECT_CONVERSION = YES_AGGRESSIVE;
				CLANG_CXX_LANGUAGE_STANDARD = "gnu++14";
				CLANG_CXX_LIBRARY = "libc++";
				CLANG_ENABLE_MODULES = YES;
				CLANG_ENABLE_OBJC_ARC = YES;
				CLANG_ENABLE_OBJC_WEAK = YES;
				CLANG_WARN_BLOCK_CAPTURE_AUTORELEASING = YES;
				CLANG_WARN_BOOL_CONVERSION = YES;
				CLANG_WARN_COMMA = YES;
				CLANG_WARN_CONSTANT_CONVERSION = YES;
				CLANG_WARN_DEPRECATED_OBJC_IMPLEMENTATIONS = YES;
				CLANG_WARN_DIRECT_OBJC_ISA_USAGE = YES_ERROR;
				CLANG_WARN_DOCUMENTATION_COMMENTS = YES;
				CLANG_WARN_EMPTY_BODY = YES;
				CLANG_WARN_ENUM_CONVERSION = YES;
				CLANG_WARN_INFINITE_RECURSION = YES;
				CLANG_WARN_INT_CONVERSION = YES;
				CLANG_WARN_NON_LITERAL_NULL_CONVERSION = YES;
				CLANG_WARN_OBJC_IMPLICIT_RETAIN_SELF = YES;
				CLANG_WARN_OBJC_LITERAL_CONVERSION = YES;
				CLANG_WARN_OBJC_ROOT_CLASS = YES_ERROR;
				CLANG_WARN_QUOTED_INCLUDE_IN_FRAMEWORK_HEADER = YES;
				CLANG_WARN_RANGE_LOOP_ANALYSIS = YES;
				CLANG_WARN_STRICT_PROTOTYPES = YES;
				CLANG_WARN_SUSPICIOUS_MOVE = YES;
				CLANG_WARN_UNGUARDED_AVAILABILITY = YES_AGGRESSIVE;
				CLANG_WARN_UNREACHABLE_CODE = YES;
				CLANG_WARN__DUPLICATE_METHOD_MATCH = YES;
				COPY_PHASE_STRIP = NO;
				DEBUG_INFORMATION_FORMAT = "dwarf-with-dsym";
				ENABLE_NS_ASSERTIONS = NO;
				ENABLE_STRICT_OBJC_MSGSEND = YES;
				GCC_C_LANGUAGE_STANDARD = gnu11;
				GCC_NO_COMMON_BLOCKS = YES;
				GCC_WARN_64_TO_32_BIT_CONVERSION = YES;
				GCC_WARN_ABOUT_RETURN_TYPE = YES_ERROR;
				GCC_WARN_UNDECLARED_SELECTOR = YES;
				GCC_WARN_UNINITIALIZED_AUTOS = YES_AGGRESSIVE;
				GCC_WARN_UNUSED_FUNCTION = YES;
				GCC_WARN_UNUSED_VARIABLE = YES;
				MTL_ENABLE_DEBUG_INFO = NO;
				MTL_FAST_MATH = YES;
				PRODUCT_NAME = "$(TARGET_NAME)";
				SWIFT_COMPILATION_MODE = wholemodule;
				SWIFT_OPTIMIZATION_LEVEL = "-O";
				SWIFT_STRICT_CONCURRENCY = complete;
				SWIFT_VERSION = 5.0;
			};
			name = Release;
		};
		E6B1AC8DEFF603107DF64FB2 /* Release */ = {
			isa = XCBuildConfiguration;
			buildSettings = {
				CLANG_ENABLE_OBJC_WEAK = NO;
				CODE_SIGN_ENTITLEMENTS = CarplayinitWidget/CarplayinitWidget.entitlements;
				CODE_SIGN_STYLE = Automatic;
				CURRENT_PROJECT_VERSION = 1;
				DEVELOPMENT_TEAM = JKMR84FU58;
				ENABLE_USER_SCRIPT_SANDBOXING = YES;
				GENERATE_INFOPLIST_FILE = NO;
				INFOPLIST_FILE = CarplayinitWidget/Info.plist;
				IPHONEOS_DEPLOYMENT_TARGET = 26.5;
				LD_RUNPATH_SEARCH_PATHS = "$(inherited) @executable_path/Frameworks @executable_path/../../Frameworks";
				MARKETING_VERSION = 1.0;
				PRODUCT_BUNDLE_IDENTIFIER = Altamirano.Carplayinit.CarplayinitWidget;
				PRODUCT_NAME = "$(TARGET_NAME)";
				SDKROOT = iphoneos;
				SKIP_INSTALL = YES;
				SWIFT_EMIT_LOC_STRINGS = YES;
				SWIFT_VERSION = 5.0;
				TARGETED_DEVICE_FAMILY = "1,2";
				VALIDATE_PRODUCT = YES;
			};
			name = Release;
		};
		F0B42352C4C65426B45FED52 /* Debug */ = {
			isa = XCBuildConfiguration;
			buildSettings = {
				CLANG_ENABLE_OBJC_WEAK = NO;
				CODE_SIGN_ENTITLEMENTS = CarplayinitWidget/CarplayinitWidget.entitlements;
				CODE_SIGN_STYLE = Automatic;
				CURRENT_PROJECT_VERSION = 1;
				DEVELOPMENT_TEAM = JKMR84FU58;
				ENABLE_USER_SCRIPT_SANDBOXING = YES;
				GENERATE_INFOPLIST_FILE = NO;
				INFOPLIST_FILE = CarplayinitWidget/Info.plist;
				IPHONEOS_DEPLOYMENT_TARGET = 26.5;
				LD_RUNPATH_SEARCH_PATHS = "$(inherited) @executable_path/Frameworks @executable_path/../../Frameworks";
				MARKETING_VERSION = 1.0;
				PRODUCT_BUNDLE_IDENTIFIER = Altamirano.Carplayinit.CarplayinitWidget;
				PRODUCT_NAME = "$(TARGET_NAME)";
				SDKROOT = iphoneos;
				SKIP_INSTALL = YES;
				SWIFT_EMIT_LOC_STRINGS = YES;
				SWIFT_VERSION = 5.0;
				TARGETED_DEVICE_FAMILY = "1,2";
			};
			name = Debug;
		};
		F80560AB15A30FB95948F632 /* Debug */ = {
			isa = XCBuildConfiguration;
			buildSettings = {
				ALWAYS_SEARCH_USER_PATHS = NO;
				CLANG_ANALYZER_NONNULL = YES;
				CLANG_ANALYZER_NUMBER_OBJECT_CONVERSION = YES_AGGRESSIVE;
				CLANG_CXX_LANGUAGE_STANDARD = "gnu++14";
				CLANG_CXX_LIBRARY = "libc++";
				CLANG_ENABLE_MODULES = YES;
				CLANG_ENABLE_OBJC_ARC = YES;
				CLANG_ENABLE_OBJC_WEAK = YES;
				CLANG_WARN_BLOCK_CAPTURE_AUTORELEASING = YES;
				CLANG_WARN_BOOL_CONVERSION = YES;
				CLANG_WARN_COMMA = YES;
				CLANG_WARN_CONSTANT_CONVERSION = YES;
				CLANG_WARN_DEPRECATED_OBJC_IMPLEMENTATIONS = YES;
				CLANG_WARN_DIRECT_OBJC_ISA_USAGE = YES_ERROR;
				CLANG_WARN_DOCUMENTATION_COMMENTS = YES;
				CLANG_WARN_EMPTY_BODY = YES;
				CLANG_WARN_ENUM_CONVERSION = YES;
				CLANG_WARN_INFINITE_RECURSION = YES;
				CLANG_WARN_INT_CONVERSION = YES;
				CLANG_WARN_NON_LITERAL_NULL_CONVERSION = YES;
				CLANG_WARN_OBJC_IMPLICIT_RETAIN_SELF = YES;
				CLANG_WARN_OBJC_LITERAL_CONVERSION = YES;
				CLANG_WARN_OBJC_ROOT_CLASS = YES_ERROR;
				CLANG_WARN_QUOTED_INCLUDE_IN_FRAMEWORK_HEADER = YES;
				CLANG_WARN_RANGE_LOOP_ANALYSIS = YES;
				CLANG_WARN_STRICT_PROTOTYPES = YES;
				CLANG_WARN_SUSPICIOUS_MOVE = YES;
				CLANG_WARN_UNGUARDED_AVAILABILITY = YES_AGGRESSIVE;
				CLANG_WARN_UNREACHABLE_CODE = YES;
				CLANG_WARN__DUPLICATE_METHOD_MATCH = YES;
				COPY_PHASE_STRIP = NO;
				DEBUG_INFORMATION_FORMAT = dwarf;
				ENABLE_STRICT_OBJC_MSGSEND = YES;
				ENABLE_TESTABILITY = YES;
				GCC_C_LANGUAGE_STANDARD = gnu11;
				GCC_DYNAMIC_NO_PIC = NO;
				GCC_NO_COMMON_BLOCKS = YES;
				GCC_OPTIMIZATION_LEVEL = 0;
				GCC_PREPROCESSOR_DEFINITIONS = (
					"DEBUG=1",
					"$(inherited)",
				);
				GCC_WARN_64_TO_32_BIT_CONVERSION = YES;
				GCC_WARN_ABOUT_RETURN_TYPE = YES_ERROR;
				GCC_WARN_UNDECLARED_SELECTOR = YES;
				GCC_WARN_UNINITIALIZED_AUTOS = YES_AGGRESSIVE;
				GCC_WARN_UNUSED_FUNCTION = YES;
				GCC_WARN_UNUSED_VARIABLE = YES;
				MTL_ENABLE_DEBUG_INFO = INCLUDE_SOURCE;
				MTL_FAST_MATH = YES;
				ONLY_ACTIVE_ARCH = YES;
				PRODUCT_NAME = "$(TARGET_NAME)";
				SWIFT_ACTIVE_COMPILATION_CONDITIONS = DEBUG;
				SWIFT_OPTIMIZATION_LEVEL = "-Onone";
				SWIFT_STRICT_CONCURRENCY = complete;
				SWIFT_VERSION = 5.0;
			};
			name = Debug;
		};
/* End XCBuildConfiguration section */

/* Begin XCConfigurationList section */
		1F8FC0A4B64E87F4BB6FD94F /* Build configuration list for PBXNativeTarget "CarplayinitWidget" */ = {
			isa = XCConfigurationList;
			buildConfigurations = (
				E6B1AC8DEFF603107DF64FB2 /* Release */,
				F0B42352C4C65426B45FED52 /* Debug */,
			);
			defaultConfigurationIsVisible = 0;
			defaultConfigurationName = Release;
		};
		38DBC9A569FA87683BF5E88C /* Build configuration list for PBXProject "Carplayinit" */ = {
			isa = XCConfigurationList;
			buildConfigurations = (
				F80560AB15A30FB95948F632 /* Debug */,
				CC9A16160D2816C63478093D /* Release */,
			);
			defaultConfigurationIsVisible = 0;
			defaultConfigurationName = Release;
		};
		641BDC71AA76153D04711769 /* Build configuration list for PBXNativeTarget "Carplayinit" */ = {
			isa = XCConfigurationList;
			buildConfigurations = (
				1751E8711DEFB36E5EE0072C /* Release */,
				B70292B118692990F7A273A8 /* Debug */,
			);
			defaultConfigurationIsVisible = 0;
			defaultConfigurationName = Release;
		};
/* End XCConfigurationList section */
	};
	rootObject = 0514A97E79142F71642DF963 /* Project object */;
}
