// !$*UTF8*$!
{
	archiveVersion = 1;
	classes = {
	};
	objectVersion = 46;
	objects = {

/* Begin PBXBuildFile section */
		00FC5F8E328E93C72478CED3 /* GuideView.swift in Sources */ = {isa = PBXBuildFile; fileRef = 5F7B4902C7EC131345795C4B /* GuideView.swift */; };
		0CB6DB2FB3C2863C2ED9F340 /* brands.json in Resources */ = {isa = PBXBuildFile; fileRef = 57179E1617A7B6126478055A /* brands.json */; };
		0CFDB58EE2E0EED05325D5D6 /* SoundsView.swift in Sources */ = {isa = PBXBuildFile; fileRef = 60AA730D012428ABDE5ED543 /* SoundsView.swift */; };
		0E3CF9BEB392986F90D41276 /* AudioNormalizer.swift in Sources */ = {isa = PBXBuildFile; fileRef = 004540AB6BFF39B5457BB843 /* AudioNormalizer.swift */; };
		11DC3241B065797A86FA75FC /* SharedStore.swift in Sources */ = {isa = PBXBuildFile; fileRef = 540C57EF0429C3F92FBF6F1E /* SharedStore.swift */; };
		1B6CDEB2E052AF731E05B96C /* ColorHex.swift in Sources */ = {isa = PBXBuildFile; fileRef = 1803A09BB2FDED26FA55CA77 /* ColorHex.swift */; };
		2869F11943299DC5BE5088F8 /* Brand.swift in Sources */ = {isa = PBXBuildFile; fileRef = DA4A2D4D62D11CCC76A9B179 /* Brand.swift */; };
		28957E43C1AF6E0B30A9E9D1 /* TrimSoundView.swift in Sources */ = {isa = PBXBuildFile; fileRef = DAAC87EBCADE593E8A3708BB /* TrimSoundView.swift */; };
		2BB6C1107D19E1F70A140797 /* CarWidgetCard.swift in Sources */ = {isa = PBXBuildFile; fileRef = 36E996EFFCD9B10FB4EA4185 /* CarWidgetCard.swift */; };
		3128A4090641966E7E34C9B3 /* CarConnectionWatcher.swift in Sources */ = {isa = PBXBuildFile; fileRef = 0BAC4F0601DCC0DA4518444F /* CarConnectionWatcher.swift */; };
		342186B6D562EE82DFA25E0C /* SettingsView.swift in Sources */ = {isa = PBXBuildFile; fileRef = C6CE269A70089E2430E66CEE /* SettingsView.swift */; };
		390C2C1607C214E925281E4C /* IgnitionWidgetBundle.swift in Sources */ = {isa = PBXBuildFile; fileRef = E4DA1DDB532BACB6436B8D75 /* IgnitionWidgetBundle.swift */; };
		405164BAFCB5C77FD258CF3C /* StartupSoundPlayer.swift in Sources */ = {isa = PBXBuildFile; fileRef = 42E62038A735577933F2CE7D /* StartupSoundPlayer.swift */; };
		44E0F3E6BAE3E0E972C2DAA9 /* CarWidget.swift in Sources */ = {isa = PBXBuildFile; fileRef = 2B49EAF5B3076D2457A2CAED /* CarWidget.swift */; };
		47F739403AAD98C336B43E13 /* VehicleEditorView.swift in Sources */ = {isa = PBXBuildFile; fileRef = 1F561AFF26BEFFBB02024B73 /* VehicleEditorView.swift */; };
		48299C488067B8982DD7892D /* StartupSound.swift in Sources */ = {isa = PBXBuildFile; fileRef = D2FC9F5F7342ACD77E8EA062 /* StartupSound.swift */; };
		501AA325021B553F727FBC5B /* ColorHex.swift in Sources */ = {isa = PBXBuildFile; fileRef = 1803A09BB2FDED26FA55CA77 /* ColorHex.swift */; };
		54E142E9818C45D2882EB0DE /* Brands.xcassets in Resources */ = {isa = PBXBuildFile; fileRef = DED09073375D7AF72B8045EF /* Brands.xcassets */; };
		5C6EC3ED32CAC3A6A2A0ECF5 /* SharedStore.swift in Sources */ = {isa = PBXBuildFile; fileRef = 540C57EF0429C3F92FBF6F1E /* SharedStore.swift */; };
		62C99159CCEAB4CB8186B5A2 /* StartupSound.swift in Sources */ = {isa = PBXBuildFile; fileRef = D2FC9F5F7342ACD77E8EA062 /* StartupSound.swift */; };
		63ADEB4113D58CB5530C610F /* RootView.swift in Sources */ = {isa = PBXBuildFile; fileRef = 7925A3C780BC7614FB02605F /* RootView.swift */; };
		6DDE92237FB884FA8D13F2B2 /* brands.json in Resources */ = {isa = PBXBuildFile; fileRef = 57179E1617A7B6126478055A /* brands.json */; };
		76B93BF198199583426F1ECC /* Brand.swift in Sources */ = {isa = PBXBuildFile; fileRef = DA4A2D4D62D11CCC76A9B179 /* Brand.swift */; };
		79FF51B0DEA0C44B4C81A3EE /* IgnitionWidget.appex in Embed Foundation Extensions */ = {isa = PBXBuildFile; fileRef = 871B6E825CAFE9FEB7BDC0B7 /* IgnitionWidget.appex */; settings = {ATTRIBUTES = (RemoveHeadersOnCopy, ); }; };
		7B968C513496C0B21B1DD94C /* VehicleProfile.swift in Sources */ = {isa = PBXBuildFile; fileRef = 28CDF6DF66F9289A6780A24E /* VehicleProfile.swift */; };
		7C24AEF9A821959C007C16E2 /* Brands.xcassets in Resources */ = {isa = PBXBuildFile; fileRef = DED09073375D7AF72B8045EF /* Brands.xcassets */; };
		8D0A7B16B04BDD3D7578CE59 /* VehicleProfile.swift in Sources */ = {isa = PBXBuildFile; fileRef = 28CDF6DF66F9289A6780A24E /* VehicleProfile.swift */; };
		8DEECB5A12B49A9820E2C3B4 /* SelectDesignIntent.swift in Sources */ = {isa = PBXBuildFile; fileRef = BA549F83FF59B4E90C0180FB /* SelectDesignIntent.swift */; };
		A38B698D5B12EA5341B5AF75 /* StartupSoundIntents.swift in Sources */ = {isa = PBXBuildFile; fileRef = BED6D25B6D7B88F79926D00D /* StartupSoundIntents.swift */; };
		A3D0570EBEBE8E6A610C4440 /* Garage.swift in Sources */ = {isa = PBXBuildFile; fileRef = 454CDBC650A5985392907B9A /* Garage.swift */; };
		B2CB69002A207406C3ED63C5 /* ShortcutsGuideView.swift in Sources */ = {isa = PBXBuildFile; fileRef = 7D5CFB3C388E3DEFD69E709B /* ShortcutsGuideView.swift */; };
		C1C41BADDCBAD9EFCB8B9374 /* SelectDesignIntent.swift in Sources */ = {isa = PBXBuildFile; fileRef = BA549F83FF59B4E90C0180FB /* SelectDesignIntent.swift */; };
		CF317ACB33C83C20B6F70E72 /* SoundLibrary.swift in Sources */ = {isa = PBXBuildFile; fileRef = C5E2FE7AEC83CF2D7F4D3125 /* SoundLibrary.swift */; };
		DBFFA0EBF1F20288A912D995 /* ChimeSynth.swift in Sources */ = {isa = PBXBuildFile; fileRef = CABE52630619B3C8124CB06F /* ChimeSynth.swift */; };
		DC60C12969924E9858943373 /* GarageSeed.swift in Sources */ = {isa = PBXBuildFile; fileRef = AD7A9BC49E56E8050A186FEC /* GarageSeed.swift */; };
		DE2E4DBB404087C4900159BD /* CarWidgetCard.swift in Sources */ = {isa = PBXBuildFile; fileRef = 36E996EFFCD9B10FB4EA4185 /* CarWidgetCard.swift */; };
		DF9A3E57D093B6191A4186E3 /* WidgetDesign.swift in Sources */ = {isa = PBXBuildFile; fileRef = 6E82995C4C36A3B77BC403F7 /* WidgetDesign.swift */; };
		E6765A16CB5FF4F4D4F54FCA /* GarageView.swift in Sources */ = {isa = PBXBuildFile; fileRef = E143EECA4A2A3DD18EF0F421 /* GarageView.swift */; };
		ECBF61E7F90AE13CC6FF1554 /* WidgetDesign.swift in Sources */ = {isa = PBXBuildFile; fileRef = 6E82995C4C36A3B77BC403F7 /* WidgetDesign.swift */; };
		EF1CC5146896A4111E6F149A /* ChimeRecipes.swift in Sources */ = {isa = PBXBuildFile; fileRef = B27F144898D5BFA8F7F804D5 /* ChimeRecipes.swift */; };
		F5689278F75F7EE457A515EE /* IgnitionApp.swift in Sources */ = {isa = PBXBuildFile; fileRef = 75D416B668905BAC7FB3699F /* IgnitionApp.swift */; };
		F7BBE5F3573915552F49A785 /* Assets.xcassets in Resources */ = {isa = PBXBuildFile; fileRef = 63F31C9B67E2BFD01E15530F /* Assets.xcassets */; };
		FE1206198B22CB5133016529 /* WidgetEditorView.swift in Sources */ = {isa = PBXBuildFile; fileRef = D414100E63D9EA9D77DAFCF8 /* WidgetEditorView.swift */; };
/* End PBXBuildFile section */

/* Begin PBXContainerItemProxy section */
		5DC73760B6C106FA62FE3736 /* PBXContainerItemProxy */ = {
			isa = PBXContainerItemProxy;
			containerPortal = 1CC278373A0EE011F7779479 /* Project object */;
			proxyType = 1;
			remoteGlobalIDString = 870B85DC06EA938D84939748;
			remoteInfo = IgnitionWidget;
		};
/* End PBXContainerItemProxy section */

/* Begin PBXCopyFilesBuildPhase section */
		3C35CBC7E033BABFD2C6CCC5 /* Embed Foundation Extensions */ = {
			isa = PBXCopyFilesBuildPhase;
			buildActionMask = 2147483647;
			dstPath = "";
			dstSubfolderSpec = 13;
			files = (
				79FF51B0DEA0C44B4C81A3EE /* IgnitionWidget.appex in Embed Foundation Extensions */,
			);
			name = "Embed Foundation Extensions";
			runOnlyForDeploymentPostprocessing = 0;
		};
/* End PBXCopyFilesBuildPhase section */

/* Begin PBXFileReference section */
		004540AB6BFF39B5457BB843 /* AudioNormalizer.swift */ = {isa = PBXFileReference; includeInIndex = 1; lastKnownFileType = sourcecode.swift; path = AudioNormalizer.swift; sourceTree = "<group>"; };
		0BAC4F0601DCC0DA4518444F /* CarConnectionWatcher.swift */ = {isa = PBXFileReference; includeInIndex = 1; lastKnownFileType = sourcecode.swift; path = CarConnectionWatcher.swift; sourceTree = "<group>"; };
		0BC1E5DD015B8B1E56552832 /* Info.plist */ = {isa = PBXFileReference; includeInIndex = 1; lastKnownFileType = text.plist.xml; path = Info.plist; sourceTree = "<group>"; };
		1803A09BB2FDED26FA55CA77 /* ColorHex.swift */ = {isa = PBXFileReference; includeInIndex = 1; lastKnownFileType = sourcecode.swift; path = ColorHex.swift; sourceTree = "<group>"; };
		1F561AFF26BEFFBB02024B73 /* VehicleEditorView.swift */ = {isa = PBXFileReference; includeInIndex = 1; lastKnownFileType = sourcecode.swift; path = VehicleEditorView.swift; sourceTree = "<group>"; };
		28CDF6DF66F9289A6780A24E /* VehicleProfile.swift */ = {isa = PBXFileReference; includeInIndex = 1; lastKnownFileType = sourcecode.swift; path = VehicleProfile.swift; sourceTree = "<group>"; };
		2B49EAF5B3076D2457A2CAED /* CarWidget.swift */ = {isa = PBXFileReference; includeInIndex = 1; lastKnownFileType = sourcecode.swift; path = CarWidget.swift; sourceTree = "<group>"; };
		2FD116146484D0BF61E958FA /* Ignition.app */ = {isa = PBXFileReference; explicitFileType = wrapper.application; includeInIndex = 0; path = Ignition.app; sourceTree = BUILT_PRODUCTS_DIR; };
		36E996EFFCD9B10FB4EA4185 /* CarWidgetCard.swift */ = {isa = PBXFileReference; includeInIndex = 1; lastKnownFileType = sourcecode.swift; path = CarWidgetCard.swift; sourceTree = "<group>"; };
		3ADC54A4210FD7CA3C1FBBE9 /* Ignition.entitlements */ = {isa = PBXFileReference; includeInIndex = 1; lastKnownFileType = text.plist.entitlements; path = Ignition.entitlements; sourceTree = "<group>"; };
		42E62038A735577933F2CE7D /* StartupSoundPlayer.swift */ = {isa = PBXFileReference; includeInIndex = 1; lastKnownFileType = sourcecode.swift; path = StartupSoundPlayer.swift; sourceTree = "<group>"; };
		454CDBC650A5985392907B9A /* Garage.swift */ = {isa = PBXFileReference; includeInIndex = 1; lastKnownFileType = sourcecode.swift; path = Garage.swift; sourceTree = "<group>"; };
		540C57EF0429C3F92FBF6F1E /* SharedStore.swift */ = {isa = PBXFileReference; includeInIndex = 1; lastKnownFileType = sourcecode.swift; path = SharedStore.swift; sourceTree = "<group>"; };
		57179E1617A7B6126478055A /* brands.json */ = {isa = PBXFileReference; includeInIndex = 1; path = brands.json; sourceTree = "<group>"; };
		5AA1ACB8CACF0FA1A3CB6DDF /* Foundation.framework */ = {isa = PBXFileReference; lastKnownFileType = wrapper.framework; name = Foundation.framework; path = Platforms/iPhoneOS.platform/Developer/SDKs/iPhoneOS18.0.sdk/System/Library/Frameworks/Foundation.framework; sourceTree = DEVELOPER_DIR; };
		5E22F0763713DED9E1729BB0 /* IgnitionWidget.entitlements */ = {isa = PBXFileReference; includeInIndex = 1; lastKnownFileType = text.plist.entitlements; path = IgnitionWidget.entitlements; sourceTree = "<group>"; };
		5F7B4902C7EC131345795C4B /* GuideView.swift */ = {isa = PBXFileReference; includeInIndex = 1; lastKnownFileType = sourcecode.swift; path = GuideView.swift; sourceTree = "<group>"; };
		60AA730D012428ABDE5ED543 /* SoundsView.swift */ = {isa = PBXFileReference; includeInIndex = 1; lastKnownFileType = sourcecode.swift; path = SoundsView.swift; sourceTree = "<group>"; };
		63F31C9B67E2BFD01E15530F /* Assets.xcassets */ = {isa = PBXFileReference; includeInIndex = 1; lastKnownFileType = folder.assetcatalog; path = Assets.xcassets; sourceTree = "<group>"; };
		6E82995C4C36A3B77BC403F7 /* WidgetDesign.swift */ = {isa = PBXFileReference; includeInIndex = 1; lastKnownFileType = sourcecode.swift; path = WidgetDesign.swift; sourceTree = "<group>"; };
		75D416B668905BAC7FB3699F /* IgnitionApp.swift */ = {isa = PBXFileReference; includeInIndex = 1; lastKnownFileType = sourcecode.swift; path = IgnitionApp.swift; sourceTree = "<group>"; };
		7925A3C780BC7614FB02605F /* RootView.swift */ = {isa = PBXFileReference; includeInIndex = 1; lastKnownFileType = sourcecode.swift; path = RootView.swift; sourceTree = "<group>"; };
		7D5CFB3C388E3DEFD69E709B /* ShortcutsGuideView.swift */ = {isa = PBXFileReference; includeInIndex = 1; lastKnownFileType = sourcecode.swift; path = ShortcutsGuideView.swift; sourceTree = "<group>"; };
		871B6E825CAFE9FEB7BDC0B7 /* IgnitionWidget.appex */ = {isa = PBXFileReference; explicitFileType = "wrapper.app-extension"; includeInIndex = 0; path = IgnitionWidget.appex; sourceTree = BUILT_PRODUCTS_DIR; };
		AD7A9BC49E56E8050A186FEC /* GarageSeed.swift */ = {isa = PBXFileReference; includeInIndex = 1; lastKnownFileType = sourcecode.swift; path = GarageSeed.swift; sourceTree = "<group>"; };
		B27F144898D5BFA8F7F804D5 /* ChimeRecipes.swift */ = {isa = PBXFileReference; includeInIndex = 1; lastKnownFileType = sourcecode.swift; path = ChimeRecipes.swift; sourceTree = "<group>"; };
		BA549F83FF59B4E90C0180FB /* SelectDesignIntent.swift */ = {isa = PBXFileReference; includeInIndex = 1; lastKnownFileType = sourcecode.swift; path = SelectDesignIntent.swift; sourceTree = "<group>"; };
		BED6D25B6D7B88F79926D00D /* StartupSoundIntents.swift */ = {isa = PBXFileReference; includeInIndex = 1; lastKnownFileType = sourcecode.swift; path = StartupSoundIntents.swift; sourceTree = "<group>"; };
		C5E2FE7AEC83CF2D7F4D3125 /* SoundLibrary.swift */ = {isa = PBXFileReference; includeInIndex = 1; lastKnownFileType = sourcecode.swift; path = SoundLibrary.swift; sourceTree = "<group>"; };
		C6523A017C0F4AF90C2289F1 /* Info.plist */ = {isa = PBXFileReference; includeInIndex = 1; lastKnownFileType = text.plist.xml; path = Info.plist; sourceTree = "<group>"; };
		C6CE269A70089E2430E66CEE /* SettingsView.swift */ = {isa = PBXFileReference; includeInIndex = 1; lastKnownFileType = sourcecode.swift; path = SettingsView.swift; sourceTree = "<group>"; };
		CABE52630619B3C8124CB06F /* ChimeSynth.swift */ = {isa = PBXFileReference; includeInIndex = 1; lastKnownFileType = sourcecode.swift; path = ChimeSynth.swift; sourceTree = "<group>"; };
		D2FC9F5F7342ACD77E8EA062 /* StartupSound.swift */ = {isa = PBXFileReference; includeInIndex = 1; lastKnownFileType = sourcecode.swift; path = StartupSound.swift; sourceTree = "<group>"; };
		D414100E63D9EA9D77DAFCF8 /* WidgetEditorView.swift */ = {isa = PBXFileReference; includeInIndex = 1; lastKnownFileType = sourcecode.swift; path = WidgetEditorView.swift; sourceTree = "<group>"; };
		DA4A2D4D62D11CCC76A9B179 /* Brand.swift */ = {isa = PBXFileReference; includeInIndex = 1; lastKnownFileType = sourcecode.swift; path = Brand.swift; sourceTree = "<group>"; };
		DAAC87EBCADE593E8A3708BB /* TrimSoundView.swift */ = {isa = PBXFileReference; includeInIndex = 1; lastKnownFileType = sourcecode.swift; path = TrimSoundView.swift; sourceTree = "<group>"; };
		DED09073375D7AF72B8045EF /* Brands.xcassets */ = {isa = PBXFileReference; includeInIndex = 1; lastKnownFileType = folder.assetcatalog; path = Brands.xcassets; sourceTree = "<group>"; };
		E143EECA4A2A3DD18EF0F421 /* GarageView.swift */ = {isa = PBXFileReference; includeInIndex = 1; lastKnownFileType = sourcecode.swift; path = GarageView.swift; sourceTree = "<group>"; };
		E4DA1DDB532BACB6436B8D75 /* IgnitionWidgetBundle.swift */ = {isa = PBXFileReference; includeInIndex = 1; lastKnownFileType = sourcecode.swift; path = IgnitionWidgetBundle.swift; sourceTree = "<group>"; };
/* End PBXFileReference section */

/* Begin PBXFrameworksBuildPhase section */
		42C5B499F279FDA1B2A3291B /* Frameworks */ = {
			isa = PBXFrameworksBuildPhase;
			buildActionMask = 2147483647;
			files = (
			);
			runOnlyForDeploymentPostprocessing = 0;
		};
		7F50DBFD6BD417E4E031361F /* Frameworks */ = {
			isa = PBXFrameworksBuildPhase;
			buildActionMask = 2147483647;
			files = (
			);
			runOnlyForDeploymentPostprocessing = 0;
		};
/* End PBXFrameworksBuildPhase section */

/* Begin PBXGroup section */
		0E37FE27118E016B1C006F84 /* Resources */ = {
			isa = PBXGroup;
			children = (
			);
			name = Resources;
			path = Resources;
			sourceTree = "<group>";
		};
		1094D4B912AA748056E2A5F9 /* Brands */ = {
			isa = PBXGroup;
			children = (
				DED09073375D7AF72B8045EF /* Brands.xcassets */,
			);
			name = Brands;
			path = Brands;
			sourceTree = "<group>";
		};
		5BF76332BC6C47F3E8CACC44 /* Frameworks */ = {
			isa = PBXGroup;
			children = (
				5C27D410E8696B66ED180129 /* iOS */,
			);
			name = Frameworks;
			sourceTree = "<group>";
		};
		5C27D410E8696B66ED180129 /* iOS */ = {
			isa = PBXGroup;
			children = (
				5AA1ACB8CACF0FA1A3CB6DDF /* Foundation.framework */,
			);
			name = iOS;
			sourceTree = "<group>";
		};
		6FF193F307A1E9F9ACE7D1B1 /* Shared */ = {
			isa = PBXGroup;
			children = (
				DA4A2D4D62D11CCC76A9B179 /* Brand.swift */,
				36E996EFFCD9B10FB4EA4185 /* CarWidgetCard.swift */,
				1803A09BB2FDED26FA55CA77 /* ColorHex.swift */,
				BA549F83FF59B4E90C0180FB /* SelectDesignIntent.swift */,
				540C57EF0429C3F92FBF6F1E /* SharedStore.swift */,
				D2FC9F5F7342ACD77E8EA062 /* StartupSound.swift */,
				28CDF6DF66F9289A6780A24E /* VehicleProfile.swift */,
				6E82995C4C36A3B77BC403F7 /* WidgetDesign.swift */,
				57179E1617A7B6126478055A /* brands.json */,
			);
			name = Shared;
			path = Shared;
			sourceTree = "<group>";
		};
		896ADE3B0F6B53FB4077A4E4 /* Model */ = {
			isa = PBXGroup;
			children = (
				454CDBC650A5985392907B9A /* Garage.swift */,
				AD7A9BC49E56E8050A186FEC /* GarageSeed.swift */,
			);
			name = Model;
			path = Model;
			sourceTree = "<group>";
		};
		929F559A7983E07BADF0174F /* Views */ = {
			isa = PBXGroup;
			children = (
				E143EECA4A2A3DD18EF0F421 /* GarageView.swift */,
				5F7B4902C7EC131345795C4B /* GuideView.swift */,
				7925A3C780BC7614FB02605F /* RootView.swift */,
				C6CE269A70089E2430E66CEE /* SettingsView.swift */,
				7D5CFB3C388E3DEFD69E709B /* ShortcutsGuideView.swift */,
				60AA730D012428ABDE5ED543 /* SoundsView.swift */,
				DAAC87EBCADE593E8A3708BB /* TrimSoundView.swift */,
				1F561AFF26BEFFBB02024B73 /* VehicleEditorView.swift */,
				D414100E63D9EA9D77DAFCF8 /* WidgetEditorView.swift */,
			);
			name = Views;
			path = Views;
			sourceTree = "<group>";
		};
		98B1F9F3E7E2F4EBE508A56A = {
			isa = PBXGroup;
			children = (
				AF88FE76305954DBCE75B0E3 /* Products */,
				5BF76332BC6C47F3E8CACC44 /* Frameworks */,
				C1EC6454B1E26C5251A8E6BA /* Ignition */,
				CDA838C2B7D98F8A744D9993 /* IgnitionWidget */,
				6FF193F307A1E9F9ACE7D1B1 /* Shared */,
				1094D4B912AA748056E2A5F9 /* Brands */,
			);
			sourceTree = "<group>";
		};
		AF88FE76305954DBCE75B0E3 /* Products */ = {
			isa = PBXGroup;
			children = (
				2FD116146484D0BF61E958FA /* Ignition.app */,
				871B6E825CAFE9FEB7BDC0B7 /* IgnitionWidget.appex */,
			);
			name = Products;
			sourceTree = "<group>";
		};
		BD7AA9F0F3A4EC07539FD92D /* Intents */ = {
			isa = PBXGroup;
			children = (
				BED6D25B6D7B88F79926D00D /* StartupSoundIntents.swift */,
			);
			name = Intents;
			path = Intents;
			sourceTree = "<group>";
		};
		C1EC6454B1E26C5251A8E6BA /* Ignition */ = {
			isa = PBXGroup;
			children = (
				C27CFDBD399AD31A28AE46E5 /* Audio */,
				75D416B668905BAC7FB3699F /* IgnitionApp.swift */,
				BD7AA9F0F3A4EC07539FD92D /* Intents */,
				896ADE3B0F6B53FB4077A4E4 /* Model */,
				0E37FE27118E016B1C006F84 /* Resources */,
				929F559A7983E07BADF0174F /* Views */,
				63F31C9B67E2BFD01E15530F /* Assets.xcassets */,
				0BC1E5DD015B8B1E56552832 /* Info.plist */,
				3ADC54A4210FD7CA3C1FBBE9 /* Ignition.entitlements */,
			);
			name = Ignition;
			path = Ignition;
			sourceTree = "<group>";
		};
		C27CFDBD399AD31A28AE46E5 /* Audio */ = {
			isa = PBXGroup;
			children = (
				004540AB6BFF39B5457BB843 /* AudioNormalizer.swift */,
				0BAC4F0601DCC0DA4518444F /* CarConnectionWatcher.swift */,
				B27F144898D5BFA8F7F804D5 /* ChimeRecipes.swift */,
				CABE52630619B3C8124CB06F /* ChimeSynth.swift */,
				C5E2FE7AEC83CF2D7F4D3125 /* SoundLibrary.swift */,
				42E62038A735577933F2CE7D /* StartupSoundPlayer.swift */,
			);
			name = Audio;
			path = Audio;
			sourceTree = "<group>";
		};
		CDA838C2B7D98F8A744D9993 /* IgnitionWidget */ = {
			isa = PBXGroup;
			children = (
				2B49EAF5B3076D2457A2CAED /* CarWidget.swift */,
				E4DA1DDB532BACB6436B8D75 /* IgnitionWidgetBundle.swift */,
				C6523A017C0F4AF90C2289F1 /* Info.plist */,
				5E22F0763713DED9E1729BB0 /* IgnitionWidget.entitlements */,
			);
			name = IgnitionWidget;
			path = IgnitionWidget;
			sourceTree = "<group>";
		};
/* End PBXGroup section */

/* Begin PBXNativeTarget section */
		870B85DC06EA938D84939748 /* IgnitionWidget */ = {
			isa = PBXNativeTarget;
			buildConfigurationList = 0F062526E7DB904B6E035553 /* Build configuration list for PBXNativeTarget "IgnitionWidget" */;
			buildPhases = (
				D8C323FC2E17609350CEF26A /* Sources */,
				7F50DBFD6BD417E4E031361F /* Frameworks */,
				8190BCBFB34D4F9A943FA088 /* Resources */,
			);
			buildRules = (
			);
			dependencies = (
			);
			name = IgnitionWidget;
			productName = IgnitionWidget;
			productReference = 871B6E825CAFE9FEB7BDC0B7 /* IgnitionWidget.appex */;
			productType = "com.apple.product-type.app-extension";
		};
		E1EF250A26E3F57B6D146A7D /* Ignition */ = {
			isa = PBXNativeTarget;
			buildConfigurationList = 7B8D7DF62D6E8D11B3D4817C /* Build configuration list for PBXNativeTarget "Ignition" */;
			buildPhases = (
				9743FAF6FBD636EE5CF0AB27 /* Sources */,
				42C5B499F279FDA1B2A3291B /* Frameworks */,
				2429D73C0BFD46ABAFDB9546 /* Resources */,
				33F1803028F60A3F047D68DA /* Copy startup clip */,
				3C35CBC7E033BABFD2C6CCC5 /* Embed Foundation Extensions */,
			);
			buildRules = (
			);
			dependencies = (
				D89A92F5EB602B6BBC4BC1CB /* PBXTargetDependency */,
			);
			name = Ignition;
			productName = Ignition;
			productReference = 2FD116146484D0BF61E958FA /* Ignition.app */;
			productType = "com.apple.product-type.application";
		};
/* End PBXNativeTarget section */

/* Begin PBXProject section */
		1CC278373A0EE011F7779479 /* Project object */ = {
			isa = PBXProject;
			attributes = {
				LastSwiftUpdateCheck = 1600;
				LastUpgradeCheck = 1600;
			};
			buildConfigurationList = DF493AEEEEC767E459A6AB12 /* Build configuration list for PBXProject "Ignition" */;
			compatibilityVersion = "Xcode 3.2";
			developmentRegion = en;
			hasScannedForEncodings = 0;
			knownRegions = (
				en,
				Base,
			);
			mainGroup = 98B1F9F3E7E2F4EBE508A56A;
			minimizedProjectReferenceProxies = 0;
			preferredProjectObjectVersion = 77;
			productRefGroup = AF88FE76305954DBCE75B0E3 /* Products */;
			projectDirPath = "";
			projectRoot = "";
			targets = (
				E1EF250A26E3F57B6D146A7D /* Ignition */,
				870B85DC06EA938D84939748 /* IgnitionWidget */,
			);
		};
/* End PBXProject section */

/* Begin PBXResourcesBuildPhase section */
		2429D73C0BFD46ABAFDB9546 /* Resources */ = {
			isa = PBXResourcesBuildPhase;
			buildActionMask = 2147483647;
			files = (
				0CB6DB2FB3C2863C2ED9F340 /* brands.json in Resources */,
				54E142E9818C45D2882EB0DE /* Brands.xcassets in Resources */,
				F7BBE5F3573915552F49A785 /* Assets.xcassets in Resources */,
			);
			runOnlyForDeploymentPostprocessing = 0;
		};
		8190BCBFB34D4F9A943FA088 /* Resources */ = {
			isa = PBXResourcesBuildPhase;
			buildActionMask = 2147483647;
			files = (
				6DDE92237FB884FA8D13F2B2 /* brands.json in Resources */,
				7C24AEF9A821959C007C16E2 /* Brands.xcassets in Resources */,
			);
			runOnlyForDeploymentPostprocessing = 0;
		};
/* End PBXResourcesBuildPhase section */

/* Begin PBXShellScriptBuildPhase section */
		33F1803028F60A3F047D68DA /* Copy startup clip */ = {
			isa = PBXShellScriptBuildPhase;
			buildActionMask = 2147483647;
			files = (
			);
			inputFileListPaths = (
			);
			inputPaths = (
				"$(SRCROOT)/Ignition/Resources/startup-clip.m4a",
			);
			name = "Copy startup clip";
			outputFileListPaths = (
			);
			outputPaths = (
				"$(TARGET_BUILD_DIR)/$(UNLOCALIZED_RESOURCES_FOLDER_PATH)/startup-clip.m4a",
			);
			runOnlyForDeploymentPostprocessing = 0;
			shellPath = /bin/sh;
			shellScript = "if [ -f \"$SCRIPT_INPUT_FILE_0\" ]; then\n  mkdir -p \"$(dirname \"$SCRIPT_OUTPUT_FILE_0\")\"\n  cp -f \"$SCRIPT_INPUT_FILE_0\" \"$SCRIPT_OUTPUT_FILE_0\"\nelse\n  echo \"note: sin clip propio en Ignition/Resources; se usan los chimes sintetizados\"\nfi\n";
		};
/* End PBXShellScriptBuildPhase section */

/* Begin PBXSourcesBuildPhase section */
		9743FAF6FBD636EE5CF0AB27 /* Sources */ = {
			isa = PBXSourcesBuildPhase;
			buildActionMask = 2147483647;
			files = (
				0E3CF9BEB392986F90D41276 /* AudioNormalizer.swift in Sources */,
				3128A4090641966E7E34C9B3 /* CarConnectionWatcher.swift in Sources */,
				EF1CC5146896A4111E6F149A /* ChimeRecipes.swift in Sources */,
				DBFFA0EBF1F20288A912D995 /* ChimeSynth.swift in Sources */,
				CF317ACB33C83C20B6F70E72 /* SoundLibrary.swift in Sources */,
				405164BAFCB5C77FD258CF3C /* StartupSoundPlayer.swift in Sources */,
				F5689278F75F7EE457A515EE /* IgnitionApp.swift in Sources */,
				A38B698D5B12EA5341B5AF75 /* StartupSoundIntents.swift in Sources */,
				A3D0570EBEBE8E6A610C4440 /* Garage.swift in Sources */,
				DC60C12969924E9858943373 /* GarageSeed.swift in Sources */,
				E6765A16CB5FF4F4D4F54FCA /* GarageView.swift in Sources */,
				00FC5F8E328E93C72478CED3 /* GuideView.swift in Sources */,
				63ADEB4113D58CB5530C610F /* RootView.swift in Sources */,
				342186B6D562EE82DFA25E0C /* SettingsView.swift in Sources */,
				B2CB69002A207406C3ED63C5 /* ShortcutsGuideView.swift in Sources */,
				0CFDB58EE2E0EED05325D5D6 /* SoundsView.swift in Sources */,
				28957E43C1AF6E0B30A9E9D1 /* TrimSoundView.swift in Sources */,
				47F739403AAD98C336B43E13 /* VehicleEditorView.swift in Sources */,
				FE1206198B22CB5133016529 /* WidgetEditorView.swift in Sources */,
				76B93BF198199583426F1ECC /* Brand.swift in Sources */,
				DE2E4DBB404087C4900159BD /* CarWidgetCard.swift in Sources */,
				501AA325021B553F727FBC5B /* ColorHex.swift in Sources */,
				8DEECB5A12B49A9820E2C3B4 /* SelectDesignIntent.swift in Sources */,
				5C6EC3ED32CAC3A6A2A0ECF5 /* SharedStore.swift in Sources */,
				62C99159CCEAB4CB8186B5A2 /* StartupSound.swift in Sources */,
				7B968C513496C0B21B1DD94C /* VehicleProfile.swift in Sources */,
				ECBF61E7F90AE13CC6FF1554 /* WidgetDesign.swift in Sources */,
			);
			runOnlyForDeploymentPostprocessing = 0;
		};
		D8C323FC2E17609350CEF26A /* Sources */ = {
			isa = PBXSourcesBuildPhase;
			buildActionMask = 2147483647;
			files = (
				44E0F3E6BAE3E0E972C2DAA9 /* CarWidget.swift in Sources */,
				390C2C1607C214E925281E4C /* IgnitionWidgetBundle.swift in Sources */,
				2869F11943299DC5BE5088F8 /* Brand.swift in Sources */,
				2BB6C1107D19E1F70A140797 /* CarWidgetCard.swift in Sources */,
				1B6CDEB2E052AF731E05B96C /* ColorHex.swift in Sources */,
				C1C41BADDCBAD9EFCB8B9374 /* SelectDesignIntent.swift in Sources */,
				11DC3241B065797A86FA75FC /* SharedStore.swift in Sources */,
				48299C488067B8982DD7892D /* StartupSound.swift in Sources */,
				8D0A7B16B04BDD3D7578CE59 /* VehicleProfile.swift in Sources */,
				DF9A3E57D093B6191A4186E3 /* WidgetDesign.swift in Sources */,
			);
			runOnlyForDeploymentPostprocessing = 0;
		};
/* End PBXSourcesBuildPhase section */

/* Begin PBXTargetDependency section */
		D89A92F5EB602B6BBC4BC1CB /* PBXTargetDependency */ = {
			isa = PBXTargetDependency;
			name = IgnitionWidget;
			target = 870B85DC06EA938D84939748 /* IgnitionWidget */;
			targetProxy = 5DC73760B6C106FA62FE3736 /* PBXContainerItemProxy */;
		};
/* End PBXTargetDependency section */

/* Begin XCBuildConfiguration section */
		382086CDC9296EAEC65169FE /* Debug */ = {
			isa = XCBuildConfiguration;
			buildSettings = {
				ALWAYS_SEARCH_USER_PATHS = NO;
				CLANG_ANALYZER_NONNULL = YES;
				CLANG_ANALYZER_NUMBER_OBJECT_CONVERSION = YES_AGGRESSIVE;
				CLANG_CXX_LANGUAGE_STANDARD = "gnu++14";
				CLANG_CXX_LIBRARY = "libc++";
				CLANG_ENABLE_MODULES = YES;
				CLANG_ENABLE_OBJC_ARC = YES;
				CLANG_ENABLE_OBJC_WEAK = YES;
				CLANG_WARN_BLOCK_CAPTURE_AUTORELEASING = YES;
				CLANG_WARN_BOOL_CONVERSION = YES;
				CLANG_WARN_COMMA = YES;
				CLANG_WARN_CONSTANT_CONVERSION = YES;
				CLANG_WARN_DEPRECATED_OBJC_IMPLEMENTATIONS = YES;
				CLANG_WARN_DIRECT_OBJC_ISA_USAGE = YES_ERROR;
				CLANG_WARN_DOCUMENTATION_COMMENTS = YES;
				CLANG_WARN_EMPTY_BODY = YES;
				CLANG_WARN_ENUM_CONVERSION = YES;
				CLANG_WARN_INFINITE_RECURSION = YES;
				CLANG_WARN_INT_CONVERSION = YES;
				CLANG_WARN_NON_LITERAL_NULL_CONVERSION = YES;
				CLANG_WARN_OBJC_IMPLICIT_RETAIN_SELF = YES;
				CLANG_WARN_OBJC_LITERAL_CONVERSION = YES;
				CLANG_WARN_OBJC_ROOT_CLASS = YES_ERROR;
				CLANG_WARN_QUOTED_INCLUDE_IN_FRAMEWORK_HEADER = YES;
				CLANG_WARN_RANGE_LOOP_ANALYSIS = YES;
				CLANG_WARN_STRICT_PROTOTYPES = YES;
				CLANG_WARN_SUSPICIOUS_MOVE = YES;
				CLANG_WARN_UNGUARDED_AVAILABILITY = YES_AGGRESSIVE;
				CLANG_WARN_UNREACHABLE_CODE = YES;
				CLANG_WARN__DUPLICATE_METHOD_MATCH = YES;
				COPY_PHASE_STRIP = NO;
				DEBUG_INFORMATION_FORMAT = dwarf;
				ENABLE_STRICT_OBJC_MSGSEND = YES;
				ENABLE_TESTABILITY = YES;
				GCC_C_LANGUAGE_STANDARD = gnu11;
				GCC_DYNAMIC_NO_PIC = NO;
				GCC_NO_COMMON_BLOCKS = YES;
				GCC_OPTIMIZATION_LEVEL = 0;
				GCC_PREPROCESSOR_DEFINITIONS = (
					"DEBUG=1",
					"$(inherited)",
				);
				GCC_WARN_64_TO_32_BIT_CONVERSION = YES;
				GCC_WARN_ABOUT_RETURN_TYPE = YES_ERROR;
				GCC_WARN_UNDECLARED_SELECTOR = YES;
				GCC_WARN_UNINITIALIZED_AUTOS = YES_AGGRESSIVE;
				GCC_WARN_UNUSED_FUNCTION = YES;
				GCC_WARN_UNUSED_VARIABLE = YES;
				MTL_ENABLE_DEBUG_INFO = INCLUDE_SOURCE;
				MTL_FAST_MATH = YES;
				ONLY_ACTIVE_ARCH = YES;
				PRODUCT_NAME = "$(TARGET_NAME)";
				SWIFT_ACTIVE_COMPILATION_CONDITIONS = DEBUG;
				SWIFT_OPTIMIZATION_LEVEL = "-Onone";
				SWIFT_STRICT_CONCURRENCY = complete;
				SWIFT_VERSION = 5.0;
			};
			name = Debug;
		};
		47F6116CF65D47D9BC16A1B8 /* Debug */ = {
			isa = XCBuildConfiguration;
			buildSettings = {
				ASSETCATALOG_COMPILER_APPICON_NAME = AppIcon;
				ASSETCATALOG_COMPILER_GLOBAL_ACCENT_COLOR_NAME = AccentColor;
				CLANG_ENABLE_OBJC_WEAK = NO;
				CODE_SIGN_ENTITLEMENTS = Ignition/Ignition.entitlements;
				CODE_SIGN_STYLE = Automatic;
				CURRENT_PROJECT_VERSION = 1;
				DEVELOPMENT_TEAM = JKMR84FU58;
				ENABLE_USER_SCRIPT_SANDBOXING = YES;
				GENERATE_INFOPLIST_FILE = NO;
				INFOPLIST_FILE = Ignition/Info.plist;
				IPHONEOS_DEPLOYMENT_TARGET = 26.5;
				LD_RUNPATH_SEARCH_PATHS = "$(inherited) @executable_path/Frameworks";
				MARKETING_VERSION = 1.0;
				PRODUCT_BUNDLE_IDENTIFIER = Altamirano.Ignition;
				PRODUCT_NAME = "$(TARGET_NAME)";
				SDKROOT = iphoneos;
				SWIFT_EMIT_LOC_STRINGS = YES;
				SWIFT_VERSION = 5.0;
				TARGETED_DEVICE_FAMILY = "1,2";
			};
			name = Debug;
		};
		76DB60EBB2C4E6E9B60062EF /* Debug */ = {
			isa = XCBuildConfiguration;
			buildSettings = {
				CLANG_ENABLE_OBJC_WEAK = NO;
				CODE_SIGN_ENTITLEMENTS = IgnitionWidget/IgnitionWidget.entitlements;
				CODE_SIGN_STYLE = Automatic;
				CURRENT_PROJECT_VERSION = 1;
				DEVELOPMENT_TEAM = JKMR84FU58;
				ENABLE_USER_SCRIPT_SANDBOXING = YES;
				GENERATE_INFOPLIST_FILE = NO;
				INFOPLIST_FILE = IgnitionWidget/Info.plist;
				IPHONEOS_DEPLOYMENT_TARGET = 26.5;
				LD_RUNPATH_SEARCH_PATHS = "$(inherited) @executable_path/Frameworks @executable_path/../../Frameworks";
				MARKETING_VERSION = 1.0;
				PRODUCT_BUNDLE_IDENTIFIER = Altamirano.Ignition.IgnitionWidget;
				PRODUCT_NAME = "$(TARGET_NAME)";
				SDKROOT = iphoneos;
				SKIP_INSTALL = YES;
				SWIFT_EMIT_LOC_STRINGS = YES;
				SWIFT_VERSION = 5.0;
				TARGETED_DEVICE_FAMILY = "1,2";
			};
			name = Debug;
		};
		7EAF3F7F802FA84369E0897E /* Release */ = {
			isa = XCBuildConfiguration;
			buildSettings = {
				CLANG_ENABLE_OBJC_WEAK = NO;
				CODE_SIGN_ENTITLEMENTS = IgnitionWidget/IgnitionWidget.entitlements;
				CODE_SIGN_STYLE = Automatic;
				CURRENT_PROJECT_VERSION = 1;
				DEVELOPMENT_TEAM = JKMR84FU58;
				ENABLE_USER_SCRIPT_SANDBOXING = YES;
				GENERATE_INFOPLIST_FILE = NO;
				INFOPLIST_FILE = IgnitionWidget/Info.plist;
				IPHONEOS_DEPLOYMENT_TARGET = 26.5;
				LD_RUNPATH_SEARCH_PATHS = "$(inherited) @executable_path/Frameworks @executable_path/../../Frameworks";
				MARKETING_VERSION = 1.0;
				PRODUCT_BUNDLE_IDENTIFIER = Altamirano.Ignition.IgnitionWidget;
				PRODUCT_NAME = "$(TARGET_NAME)";
				SDKROOT = iphoneos;
				SKIP_INSTALL = YES;
				SWIFT_EMIT_LOC_STRINGS = YES;
				SWIFT_VERSION = 5.0;
				TARGETED_DEVICE_FAMILY = "1,2";
				VALIDATE_PRODUCT = YES;
			};
			name = Release;
		};
		C31966223A5D2A02ED0F5593 /* Release */ = {
			isa = XCBuildConfiguration;
			buildSettings = {
				ALWAYS_SEARCH_USER_PATHS = NO;
				CLANG_ANALYZER_NONNULL = YES;
				CLANG_ANALYZER_NUMBER_OBJECT_CONVERSION = YES_AGGRESSIVE;
				CLANG_CXX_LANGUAGE_STANDARD = "gnu++14";
				CLANG_CXX_LIBRARY = "libc++";
				CLANG_ENABLE_MODULES = YES;
				CLANG_ENABLE_OBJC_ARC = YES;
				CLANG_ENABLE_OBJC_WEAK = YES;
				CLANG_WARN_BLOCK_CAPTURE_AUTORELEASING = YES;
				CLANG_WARN_BOOL_CONVERSION = YES;
				CLANG_WARN_COMMA = YES;
				CLANG_WARN_CONSTANT_CONVERSION = YES;
				CLANG_WARN_DEPRECATED_OBJC_IMPLEMENTATIONS = YES;
				CLANG_WARN_DIRECT_OBJC_ISA_USAGE = YES_ERROR;
				CLANG_WARN_DOCUMENTATION_COMMENTS = YES;
				CLANG_WARN_EMPTY_BODY = YES;
				CLANG_WARN_ENUM_CONVERSION = YES;
				CLANG_WARN_INFINITE_RECURSION = YES;
				CLANG_WARN_INT_CONVERSION = YES;
				CLANG_WARN_NON_LITERAL_NULL_CONVERSION = YES;
				CLANG_WARN_OBJC_IMPLICIT_RETAIN_SELF = YES;
				CLANG_WARN_OBJC_LITERAL_CONVERSION = YES;
				CLANG_WARN_OBJC_ROOT_CLASS = YES_ERROR;
				CLANG_WARN_QUOTED_INCLUDE_IN_FRAMEWORK_HEADER = YES;
				CLANG_WARN_RANGE_LOOP_ANALYSIS = YES;
				CLANG_WARN_STRICT_PROTOTYPES = YES;
				CLANG_WARN_SUSPICIOUS_MOVE = YES;
				CLANG_WARN_UNGUARDED_AVAILABILITY = YES_AGGRESSIVE;
				CLANG_WARN_UNREACHABLE_CODE = YES;
				CLANG_WARN__DUPLICATE_METHOD_MATCH = YES;
				COPY_PHASE_STRIP = NO;
				DEBUG_INFORMATION_FORMAT = "dwarf-with-dsym";
				ENABLE_NS_ASSERTIONS = NO;
				ENABLE_STRICT_OBJC_MSGSEND = YES;
				GCC_C_LANGUAGE_STANDARD = gnu11;
				GCC_NO_COMMON_BLOCKS = YES;
				GCC_WARN_64_TO_32_BIT_CONVERSION = YES;
				GCC_WARN_ABOUT_RETURN_TYPE = YES_ERROR;
				GCC_WARN_UNDECLARED_SELECTOR = YES;
				GCC_WARN_UNINITIALIZED_AUTOS = YES_AGGRESSIVE;
				GCC_WARN_UNUSED_FUNCTION = YES;
				GCC_WARN_UNUSED_VARIABLE = YES;
				MTL_ENABLE_DEBUG_INFO = NO;
				MTL_FAST_MATH = YES;
				PRODUCT_NAME = "$(TARGET_NAME)";
				SWIFT_COMPILATION_MODE = wholemodule;
				SWIFT_OPTIMIZATION_LEVEL = "-O";
				SWIFT_STRICT_CONCURRENCY = complete;
				SWIFT_VERSION = 5.0;
			};
			name = Release;
		};
		FE4296047F04499B5E09B3BC /* Release */ = {
			isa = XCBuildConfiguration;
			buildSettings = {
				ASSETCATALOG_COMPILER_APPICON_NAME = AppIcon;
				ASSETCATALOG_COMPILER_GLOBAL_ACCENT_COLOR_NAME = AccentColor;
				CLANG_ENABLE_OBJC_WEAK = NO;
				CODE_SIGN_ENTITLEMENTS = Ignition/Ignition.entitlements;
				CODE_SIGN_STYLE = Automatic;
				CURRENT_PROJECT_VERSION = 1;
				DEVELOPMENT_TEAM = JKMR84FU58;
				ENABLE_USER_SCRIPT_SANDBOXING = YES;
				GENERATE_INFOPLIST_FILE = NO;
				INFOPLIST_FILE = Ignition/Info.plist;
				IPHONEOS_DEPLOYMENT_TARGET = 26.5;
				LD_RUNPATH_SEARCH_PATHS = "$(inherited) @executable_path/Frameworks";
				MARKETING_VERSION = 1.0;
				PRODUCT_BUNDLE_IDENTIFIER = Altamirano.Ignition;
				PRODUCT_NAME = "$(TARGET_NAME)";
				SDKROOT = iphoneos;
				SWIFT_EMIT_LOC_STRINGS = YES;
				SWIFT_VERSION = 5.0;
				TARGETED_DEVICE_FAMILY = "1,2";
				VALIDATE_PRODUCT = YES;
			};
			name = Release;
		};
/* End XCBuildConfiguration section */

/* Begin XCConfigurationList section */
		0F062526E7DB904B6E035553 /* Build configuration list for PBXNativeTarget "IgnitionWidget" */ = {
			isa = XCConfigurationList;
			buildConfigurations = (
				7EAF3F7F802FA84369E0897E /* Release */,
				76DB60EBB2C4E6E9B60062EF /* Debug */,
			);
			defaultConfigurationIsVisible = 0;
			defaultConfigurationName = Release;
		};
		7B8D7DF62D6E8D11B3D4817C /* Build configuration list for PBXNativeTarget "Ignition" */ = {
			isa = XCConfigurationList;
			buildConfigurations = (
				FE4296047F04499B5E09B3BC /* Release */,
				47F6116CF65D47D9BC16A1B8 /* Debug */,
			);
			defaultConfigurationIsVisible = 0;
			defaultConfigurationName = Release;
		};
		DF493AEEEEC767E459A6AB12 /* Build configuration list for PBXProject "Ignition" */ = {
			isa = XCConfigurationList;
			buildConfigurations = (
				382086CDC9296EAEC65169FE /* Debug */,
				C31966223A5D2A02ED0F5593 /* Release */,
			);
			defaultConfigurationIsVisible = 0;
			defaultConfigurationName = Release;
		};
/* End XCConfigurationList section */
	};
	rootObject = 1CC278373A0EE011F7779479 /* Project object */;
}
