// !$*UTF8*$!
{
	archiveVersion = 1;
	classes = {
	};
	objectVersion = 46;
	objects = {

/* Begin PBXBuildFile section */
		07B5848396E221CA5E879C83 /* StartupSoundIntents.swift in Sources */ = {isa = PBXBuildFile; fileRef = EA9927E2096EE7989875820C /* StartupSoundIntents.swift */; };
		083AD320D604C53DE45C5700 /* ShortcutsGuideView.swift in Sources */ = {isa = PBXBuildFile; fileRef = 55F7B2AD44D0BD76A071EF5A /* ShortcutsGuideView.swift */; };
		08E9464DA1A0C07FFDA1EE85 /* IgnitionWidgetBundle.swift in Sources */ = {isa = PBXBuildFile; fileRef = 192302C08D67FA9260ADC35B /* IgnitionWidgetBundle.swift */; };
		11619984FD674687ABDD28F9 /* brands.json in Resources */ = {isa = PBXBuildFile; fileRef = B3405063314EC80AD9B719B6 /* brands.json */; };
		11C6B0D2BDDDF1311CDD52A5 /* StartupSoundPlayer.swift in Sources */ = {isa = PBXBuildFile; fileRef = 1902534D85FF3036CE5EC36E /* StartupSoundPlayer.swift */; };
		13831DCA781B72CCC9DCE4D4 /* ColorHex.swift in Sources */ = {isa = PBXBuildFile; fileRef = 609CF3D3196D6EC59F26B94D /* ColorHex.swift */; };
		1673A0794DB9A7BD79283A82 /* SelectDesignIntent.swift in Sources */ = {isa = PBXBuildFile; fileRef = C273EEAC433C81B6B9018B86 /* SelectDesignIntent.swift */; };
		1BBD27BB8E150DE3DA5E3755 /* Garage.swift in Sources */ = {isa = PBXBuildFile; fileRef = 6D50D2A91B847A877A805F76 /* Garage.swift */; };
		26E2A9C952C5CDFE69A5776F /* ChimeRecipes.swift in Sources */ = {isa = PBXBuildFile; fileRef = A0A9D95D1B1BDE34BE5E0C8B /* ChimeRecipes.swift */; };
		2B3B2266131811B2035C0E4D /* Brands.xcassets in Resources */ = {isa = PBXBuildFile; fileRef = 96B9F128CF3404692C8A8186 /* Brands.xcassets */; };
		326C21BB457869988AF2E42A /* SoundsView.swift in Sources */ = {isa = PBXBuildFile; fileRef = 891C37761F252D1CDFFDA2DB /* SoundsView.swift */; };
		3C7EB83959B4E932827BE5D1 /* WidgetEditorView.swift in Sources */ = {isa = PBXBuildFile; fileRef = DA537A72D796DEAC24A870DE /* WidgetEditorView.swift */; };
		4C1AF3DBA262BA04FF7016B6 /* StartupSound.swift in Sources */ = {isa = PBXBuildFile; fileRef = 8E21B59594370AA2D7619921 /* StartupSound.swift */; };
		4F49B47D7950089A27398254 /* IgnitionApp.swift in Sources */ = {isa = PBXBuildFile; fileRef = 842EF15039082FE618375929 /* IgnitionApp.swift */; };
		4FCCF559C7463B8C36B48E03 /* CarWidgetCard.swift in Sources */ = {isa = PBXBuildFile; fileRef = FF8C91CE878CA6D2CBCB7C1A /* CarWidgetCard.swift */; };
		543FD3683D895B3824980E31 /* GarageSeed.swift in Sources */ = {isa = PBXBuildFile; fileRef = 72D36D6C5DC9E1EAEC19E6CA /* GarageSeed.swift */; };
		5A74D4F8CE2B999C596D54D8 /* RootView.swift in Sources */ = {isa = PBXBuildFile; fileRef = 44DADEBFBA78388EF7790C81 /* RootView.swift */; };
		753B933D82090B63883B345F /* SoundLibrary.swift in Sources */ = {isa = PBXBuildFile; fileRef = E06E8825D95964BAC7CBAFE1 /* SoundLibrary.swift */; };
		755A67824EDF062BBEAC02C5 /* CarWidget.swift in Sources */ = {isa = PBXBuildFile; fileRef = A3B933DDABCE04025C4A5669 /* CarWidget.swift */; };
		7D0A6DAF52C0B070145C804C /* Assets.xcassets in Resources */ = {isa = PBXBuildFile; fileRef = C250ED9F30C15CAFC4A71B0E /* Assets.xcassets */; };
		82B5C891297D2CF3D196F0C0 /* WidgetDesign.swift in Sources */ = {isa = PBXBuildFile; fileRef = 94B9B0FAC2F98B1A7404609B /* WidgetDesign.swift */; };
		82EE9FA5A89DBC14C787503A /* VehicleEditorView.swift in Sources */ = {isa = PBXBuildFile; fileRef = BEECB8F3751AC8C8683D685A /* VehicleEditorView.swift */; };
		8DEF28FF2DB1331605A1AF1B /* CarConnectionWatcher.swift in Sources */ = {isa = PBXBuildFile; fileRef = 79784547B8DF66609DE6EBE9 /* CarConnectionWatcher.swift */; };
		8F5A6D090A8A78E2767CBBE3 /* VehicleProfile.swift in Sources */ = {isa = PBXBuildFile; fileRef = FB4CBFBC41536630B99A52AA /* VehicleProfile.swift */; };
		9D84832EFA0B49414FE665E5 /* SettingsView.swift in Sources */ = {isa = PBXBuildFile; fileRef = 2BDCF78474555D2E6DBAE441 /* SettingsView.swift */; };
		A4037D81E63CD589FA07D222 /* ChimeSynth.swift in Sources */ = {isa = PBXBuildFile; fileRef = 2B8FA2FB40A64DCF47AB3463 /* ChimeSynth.swift */; };
		BBFA9A292243E98F4BE0ED92 /* CarWidgetCard.swift in Sources */ = {isa = PBXBuildFile; fileRef = FF8C91CE878CA6D2CBCB7C1A /* CarWidgetCard.swift */; };
		BC1233F75DBF82D1AF8137D0 /* ColorHex.swift in Sources */ = {isa = PBXBuildFile; fileRef = 609CF3D3196D6EC59F26B94D /* ColorHex.swift */; };
		BC5BCE49FA83A84FB610DF69 /* brands.json in Resources */ = {isa = PBXBuildFile; fileRef = B3405063314EC80AD9B719B6 /* brands.json */; };
		BECE677A2D5D12EB5D8E3FB3 /* Brand.swift in Sources */ = {isa = PBXBuildFile; fileRef = BBD13AFA97C8B242F1038E62 /* Brand.swift */; };
		BEE3DC5B2EA519EA7EDF9983 /* SelectDesignIntent.swift in Sources */ = {isa = PBXBuildFile; fileRef = C273EEAC433C81B6B9018B86 /* SelectDesignIntent.swift */; };
		C3A11198F385C1E11968B9BA /* AudioNormalizer.swift in Sources */ = {isa = PBXBuildFile; fileRef = 93F0FD2A165B63779BBAC1AA /* AudioNormalizer.swift */; };
		C72398CF44D2CD320323D0A0 /* Brands.xcassets in Resources */ = {isa = PBXBuildFile; fileRef = 96B9F128CF3404692C8A8186 /* Brands.xcassets */; };
		C7839F4677F667A0DE96E741 /* GarageView.swift in Sources */ = {isa = PBXBuildFile; fileRef = 90F8037C9D4EEDEBF15F0290 /* GarageView.swift */; };
		CB7F3FC0A19CA33242710EDD /* VehicleProfile.swift in Sources */ = {isa = PBXBuildFile; fileRef = FB4CBFBC41536630B99A52AA /* VehicleProfile.swift */; };
		D611EC259E4C3088DAD3AA98 /* SharedStore.swift in Sources */ = {isa = PBXBuildFile; fileRef = EC99393FE3F83B3E64E70449 /* SharedStore.swift */; };
		D6C217B006F121A638465032 /* IgnitionWidget.appex in Embed Foundation Extensions */ = {isa = PBXBuildFile; fileRef = 7B9C38DD18270B3436C7B48B /* IgnitionWidget.appex */; settings = {ATTRIBUTES = (RemoveHeadersOnCopy, ); }; };
		D78E96FE9CA464BFB18D8954 /* StartupSound.swift in Sources */ = {isa = PBXBuildFile; fileRef = 8E21B59594370AA2D7619921 /* StartupSound.swift */; };
		E28BEE7BCEA3317825D7313F /* Brand.swift in Sources */ = {isa = PBXBuildFile; fileRef = BBD13AFA97C8B242F1038E62 /* Brand.swift */; };
		E345CF88675DE26D9BB5DFD8 /* GuideView.swift in Sources */ = {isa = PBXBuildFile; fileRef = 672286AC2F3675E8257EC03A /* GuideView.swift */; };
		E4C6CDA1B0ACE6FBE839380B /* WidgetDesign.swift in Sources */ = {isa = PBXBuildFile; fileRef = 94B9B0FAC2F98B1A7404609B /* WidgetDesign.swift */; };
		F8B7DED7DCA18FD3F4097614 /* SharedStore.swift in Sources */ = {isa = PBXBuildFile; fileRef = EC99393FE3F83B3E64E70449 /* SharedStore.swift */; };
/* End PBXBuildFile section */

/* Begin PBXContainerItemProxy section */
		868F26059F37EE49D57D54B8 /* PBXContainerItemProxy */ = {
			isa = PBXContainerItemProxy;
			containerPortal = ACD4FE46564356A77A72395E /* Project object */;
			proxyType = 1;
			remoteGlobalIDString = 7DD2DB949C00EF475E877D09;
			remoteInfo = IgnitionWidget;
		};
/* End PBXContainerItemProxy section */

/* Begin PBXCopyFilesBuildPhase section */
		204A9338AF298311D66A41CB /* Embed Foundation Extensions */ = {
			isa = PBXCopyFilesBuildPhase;
			buildActionMask = 2147483647;
			dstPath = "";
			dstSubfolderSpec = 13;
			files = (
				D6C217B006F121A638465032 /* IgnitionWidget.appex in Embed Foundation Extensions */,
			);
			name = "Embed Foundation Extensions";
			runOnlyForDeploymentPostprocessing = 0;
		};
/* End PBXCopyFilesBuildPhase section */

/* Begin PBXFileReference section */
		095AE9F910A15F4E1890871A /* Ignition.app */ = {isa = PBXFileReference; explicitFileType = wrapper.application; includeInIndex = 0; path = Ignition.app; sourceTree = BUILT_PRODUCTS_DIR; };
		1902534D85FF3036CE5EC36E /* StartupSoundPlayer.swift */ = {isa = PBXFileReference; includeInIndex = 1; lastKnownFileType = sourcecode.swift; path = StartupSoundPlayer.swift; sourceTree = "<group>"; };
		192302C08D67FA9260ADC35B /* IgnitionWidgetBundle.swift */ = {isa = PBXFileReference; includeInIndex = 1; lastKnownFileType = sourcecode.swift; path = IgnitionWidgetBundle.swift; sourceTree = "<group>"; };
		1E779452DAB2BDD59D2C09C6 /* IgnitionWidget.entitlements */ = {isa = PBXFileReference; includeInIndex = 1; lastKnownFileType = text.plist.entitlements; path = IgnitionWidget.entitlements; sourceTree = "<group>"; };
		26B8AF4A5215E868CA155426 /* Foundation.framework */ = {isa = PBXFileReference; lastKnownFileType = wrapper.framework; name = Foundation.framework; path = Platforms/iPhoneOS.platform/Developer/SDKs/iPhoneOS18.0.sdk/System/Library/Frameworks/Foundation.framework; sourceTree = DEVELOPER_DIR; };
		2B8FA2FB40A64DCF47AB3463 /* ChimeSynth.swift */ = {isa = PBXFileReference; includeInIndex = 1; lastKnownFileType = sourcecode.swift; path = ChimeSynth.swift; sourceTree = "<group>"; };
		2BDCF78474555D2E6DBAE441 /* SettingsView.swift */ = {isa = PBXFileReference; includeInIndex = 1; lastKnownFileType = sourcecode.swift; path = SettingsView.swift; sourceTree = "<group>"; };
		44DADEBFBA78388EF7790C81 /* RootView.swift */ = {isa = PBXFileReference; includeInIndex = 1; lastKnownFileType = sourcecode.swift; path = RootView.swift; sourceTree = "<group>"; };
		47BD3A84B5A8E16101F759DF /* Info.plist */ = {isa = PBXFileReference; includeInIndex = 1; lastKnownFileType = text.plist.xml; path = Info.plist; sourceTree = "<group>"; };
		50DFB0C0FAC6538955732AEB /* Ignition.entitlements */ = {isa = PBXFileReference; includeInIndex = 1; lastKnownFileType = text.plist.entitlements; path = Ignition.entitlements; sourceTree = "<group>"; };
		55F7B2AD44D0BD76A071EF5A /* ShortcutsGuideView.swift */ = {isa = PBXFileReference; includeInIndex = 1; lastKnownFileType = sourcecode.swift; path = ShortcutsGuideView.swift; sourceTree = "<group>"; };
		609CF3D3196D6EC59F26B94D /* ColorHex.swift */ = {isa = PBXFileReference; includeInIndex = 1; lastKnownFileType = sourcecode.swift; path = ColorHex.swift; sourceTree = "<group>"; };
		672286AC2F3675E8257EC03A /* GuideView.swift */ = {isa = PBXFileReference; includeInIndex = 1; lastKnownFileType = sourcecode.swift; path = GuideView.swift; sourceTree = "<group>"; };
		6D50D2A91B847A877A805F76 /* Garage.swift */ = {isa = PBXFileReference; includeInIndex = 1; lastKnownFileType = sourcecode.swift; path = Garage.swift; sourceTree = "<group>"; };
		72D36D6C5DC9E1EAEC19E6CA /* GarageSeed.swift */ = {isa = PBXFileReference; includeInIndex = 1; lastKnownFileType = sourcecode.swift; path = GarageSeed.swift; sourceTree = "<group>"; };
		79784547B8DF66609DE6EBE9 /* CarConnectionWatcher.swift */ = {isa = PBXFileReference; includeInIndex = 1; lastKnownFileType = sourcecode.swift; path = CarConnectionWatcher.swift; sourceTree = "<group>"; };
		7B9C38DD18270B3436C7B48B /* IgnitionWidget.appex */ = {isa = PBXFileReference; explicitFileType = "wrapper.app-extension"; includeInIndex = 0; path = IgnitionWidget.appex; sourceTree = BUILT_PRODUCTS_DIR; };
		842EF15039082FE618375929 /* IgnitionApp.swift */ = {isa = PBXFileReference; includeInIndex = 1; lastKnownFileType = sourcecode.swift; path = IgnitionApp.swift; sourceTree = "<group>"; };
		891C37761F252D1CDFFDA2DB /* SoundsView.swift */ = {isa = PBXFileReference; includeInIndex = 1; lastKnownFileType = sourcecode.swift; path = SoundsView.swift; sourceTree = "<group>"; };
		8E21B59594370AA2D7619921 /* StartupSound.swift */ = {isa = PBXFileReference; includeInIndex = 1; lastKnownFileType = sourcecode.swift; path = StartupSound.swift; sourceTree = "<group>"; };
		8E887A769DD4B74327551992 /* Info.plist */ = {isa = PBXFileReference; includeInIndex = 1; lastKnownFileType = text.plist.xml; path = Info.plist; sourceTree = "<group>"; };
		90F8037C9D4EEDEBF15F0290 /* GarageView.swift */ = {isa = PBXFileReference; includeInIndex = 1; lastKnownFileType = sourcecode.swift; path = GarageView.swift; sourceTree = "<group>"; };
		93F0FD2A165B63779BBAC1AA /* AudioNormalizer.swift */ = {isa = PBXFileReference; includeInIndex = 1; lastKnownFileType = sourcecode.swift; path = AudioNormalizer.swift; sourceTree = "<group>"; };
		94B9B0FAC2F98B1A7404609B /* WidgetDesign.swift */ = {isa = PBXFileReference; includeInIndex = 1; lastKnownFileType = sourcecode.swift; path = WidgetDesign.swift; sourceTree = "<group>"; };
		96B9F128CF3404692C8A8186 /* Brands.xcassets */ = {isa = PBXFileReference; includeInIndex = 1; lastKnownFileType = folder.assetcatalog; path = Brands.xcassets; sourceTree = "<group>"; };
		A0A9D95D1B1BDE34BE5E0C8B /* ChimeRecipes.swift */ = {isa = PBXFileReference; includeInIndex = 1; lastKnownFileType = sourcecode.swift; path = ChimeRecipes.swift; sourceTree = "<group>"; };
		A3B933DDABCE04025C4A5669 /* CarWidget.swift */ = {isa = PBXFileReference; includeInIndex = 1; lastKnownFileType = sourcecode.swift; path = CarWidget.swift; sourceTree = "<group>"; };
		B3405063314EC80AD9B719B6 /* brands.json */ = {isa = PBXFileReference; includeInIndex = 1; path = brands.json; sourceTree = "<group>"; };
		BBD13AFA97C8B242F1038E62 /* Brand.swift */ = {isa = PBXFileReference; includeInIndex = 1; lastKnownFileType = sourcecode.swift; path = Brand.swift; sourceTree = "<group>"; };
		BEECB8F3751AC8C8683D685A /* VehicleEditorView.swift */ = {isa = PBXFileReference; includeInIndex = 1; lastKnownFileType = sourcecode.swift; path = VehicleEditorView.swift; sourceTree = "<group>"; };
		C250ED9F30C15CAFC4A71B0E /* Assets.xcassets */ = {isa = PBXFileReference; includeInIndex = 1; lastKnownFileType = folder.assetcatalog; path = Assets.xcassets; sourceTree = "<group>"; };
		C273EEAC433C81B6B9018B86 /* SelectDesignIntent.swift */ = {isa = PBXFileReference; includeInIndex = 1; lastKnownFileType = sourcecode.swift; path = SelectDesignIntent.swift; sourceTree = "<group>"; };
		DA537A72D796DEAC24A870DE /* WidgetEditorView.swift */ = {isa = PBXFileReference; includeInIndex = 1; lastKnownFileType = sourcecode.swift; path = WidgetEditorView.swift; sourceTree = "<group>"; };
		E06E8825D95964BAC7CBAFE1 /* SoundLibrary.swift */ = {isa = PBXFileReference; includeInIndex = 1; lastKnownFileType = sourcecode.swift; path = SoundLibrary.swift; sourceTree = "<group>"; };
		EA9927E2096EE7989875820C /* StartupSoundIntents.swift */ = {isa = PBXFileReference; includeInIndex = 1; lastKnownFileType = sourcecode.swift; path = StartupSoundIntents.swift; sourceTree = "<group>"; };
		EC99393FE3F83B3E64E70449 /* SharedStore.swift */ = {isa = PBXFileReference; includeInIndex = 1; lastKnownFileType = sourcecode.swift; path = SharedStore.swift; sourceTree = "<group>"; };
		FB4CBFBC41536630B99A52AA /* VehicleProfile.swift */ = {isa = PBXFileReference; includeInIndex = 1; lastKnownFileType = sourcecode.swift; path = VehicleProfile.swift; sourceTree = "<group>"; };
		FF8C91CE878CA6D2CBCB7C1A /* CarWidgetCard.swift */ = {isa = PBXFileReference; includeInIndex = 1; lastKnownFileType = sourcecode.swift; path = CarWidgetCard.swift; sourceTree = "<group>"; };
/* End PBXFileReference section */

/* Begin PBXFrameworksBuildPhase section */
		3B538EDF21C4932E008FF5F4 /* Frameworks */ = {
			isa = PBXFrameworksBuildPhase;
			buildActionMask = 2147483647;
			files = (
			);
			runOnlyForDeploymentPostprocessing = 0;
		};
		D0C414976EE8A62FFF244EC7 /* Frameworks */ = {
			isa = PBXFrameworksBuildPhase;
			buildActionMask = 2147483647;
			files = (
			);
			runOnlyForDeploymentPostprocessing = 0;
		};
/* End PBXFrameworksBuildPhase section */

/* Begin PBXGroup section */
		0BEE2CE7C404DE362CB27E5D /* Ignition */ = {
			isa = PBXGroup;
			children = (
				126C48C8EE797276300F30CA /* Audio */,
				842EF15039082FE618375929 /* IgnitionApp.swift */,
				0ED90DB36D2031C90CF55A78 /* Intents */,
				E7F058D5398A3177B9CB1770 /* Model */,
				22AF17663D8C5B7B1DAD79F7 /* Resources */,
				BBC3FCBA0D90BC82734DF9F1 /* Views */,
				C250ED9F30C15CAFC4A71B0E /* Assets.xcassets */,
				8E887A769DD4B74327551992 /* Info.plist */,
				50DFB0C0FAC6538955732AEB /* Ignition.entitlements */,
			);
			name = Ignition;
			path = Ignition;
			sourceTree = "<group>";
		};
		0ED90DB36D2031C90CF55A78 /* Intents */ = {
			isa = PBXGroup;
			children = (
				EA9927E2096EE7989875820C /* StartupSoundIntents.swift */,
			);
			name = Intents;
			path = Intents;
			sourceTree = "<group>";
		};
		126C48C8EE797276300F30CA /* Audio */ = {
			isa = PBXGroup;
			children = (
				93F0FD2A165B63779BBAC1AA /* AudioNormalizer.swift */,
				79784547B8DF66609DE6EBE9 /* CarConnectionWatcher.swift */,
				A0A9D95D1B1BDE34BE5E0C8B /* ChimeRecipes.swift */,
				2B8FA2FB40A64DCF47AB3463 /* ChimeSynth.swift */,
				E06E8825D95964BAC7CBAFE1 /* SoundLibrary.swift */,
				1902534D85FF3036CE5EC36E /* StartupSoundPlayer.swift */,
			);
			name = Audio;
			path = Audio;
			sourceTree = "<group>";
		};
		2033D7482BA09B82D639CDE7 /* Shared */ = {
			isa = PBXGroup;
			children = (
				BBD13AFA97C8B242F1038E62 /* Brand.swift */,
				FF8C91CE878CA6D2CBCB7C1A /* CarWidgetCard.swift */,
				609CF3D3196D6EC59F26B94D /* ColorHex.swift */,
				C273EEAC433C81B6B9018B86 /* SelectDesignIntent.swift */,
				EC99393FE3F83B3E64E70449 /* SharedStore.swift */,
				8E21B59594370AA2D7619921 /* StartupSound.swift */,
				FB4CBFBC41536630B99A52AA /* VehicleProfile.swift */,
				94B9B0FAC2F98B1A7404609B /* WidgetDesign.swift */,
				B3405063314EC80AD9B719B6 /* brands.json */,
			);
			name = Shared;
			path = Shared;
			sourceTree = "<group>";
		};
		22AF17663D8C5B7B1DAD79F7 /* Resources */ = {
			isa = PBXGroup;
			children = (
			);
			name = Resources;
			path = Resources;
			sourceTree = "<group>";
		};
		4166BF82129139F7686E930C /* iOS */ = {
			isa = PBXGroup;
			children = (
				26B8AF4A5215E868CA155426 /* Foundation.framework */,
			);
			name = iOS;
			sourceTree = "<group>";
		};
		8388E406397086F6410B3D67 /* Products */ = {
			isa = PBXGroup;
			children = (
				095AE9F910A15F4E1890871A /* Ignition.app */,
				7B9C38DD18270B3436C7B48B /* IgnitionWidget.appex */,
			);
			name = Products;
			sourceTree = "<group>";
		};
		87761556FD374F1010FCEF63 /* Brands */ = {
			isa = PBXGroup;
			children = (
				96B9F128CF3404692C8A8186 /* Brands.xcassets */,
			);
			name = Brands;
			path = Brands;
			sourceTree = "<group>";
		};
		B50CA80E73AD762F2AEA7B91 /* IgnitionWidget */ = {
			isa = PBXGroup;
			children = (
				A3B933DDABCE04025C4A5669 /* CarWidget.swift */,
				192302C08D67FA9260ADC35B /* IgnitionWidgetBundle.swift */,
				47BD3A84B5A8E16101F759DF /* Info.plist */,
				1E779452DAB2BDD59D2C09C6 /* IgnitionWidget.entitlements */,
			);
			name = IgnitionWidget;
			path = IgnitionWidget;
			sourceTree = "<group>";
		};
		BBC3FCBA0D90BC82734DF9F1 /* Views */ = {
			isa = PBXGroup;
			children = (
				90F8037C9D4EEDEBF15F0290 /* GarageView.swift */,
				672286AC2F3675E8257EC03A /* GuideView.swift */,
				44DADEBFBA78388EF7790C81 /* RootView.swift */,
				2BDCF78474555D2E6DBAE441 /* SettingsView.swift */,
				55F7B2AD44D0BD76A071EF5A /* ShortcutsGuideView.swift */,
				891C37761F252D1CDFFDA2DB /* SoundsView.swift */,
				BEECB8F3751AC8C8683D685A /* VehicleEditorView.swift */,
				DA537A72D796DEAC24A870DE /* WidgetEditorView.swift */,
			);
			name = Views;
			path = Views;
			sourceTree = "<group>";
		};
		C1E1B5D870E1ED35A482F5AB = {
			isa = PBXGroup;
			children = (
				8388E406397086F6410B3D67 /* Products */,
				CEE1ED67A95A0BF313F0821F /* Frameworks */,
				0BEE2CE7C404DE362CB27E5D /* Ignition */,
				B50CA80E73AD762F2AEA7B91 /* IgnitionWidget */,
				2033D7482BA09B82D639CDE7 /* Shared */,
				87761556FD374F1010FCEF63 /* Brands */,
			);
			sourceTree = "<group>";
		};
		CEE1ED67A95A0BF313F0821F /* Frameworks */ = {
			isa = PBXGroup;
			children = (
				4166BF82129139F7686E930C /* iOS */,
			);
			name = Frameworks;
			sourceTree = "<group>";
		};
		E7F058D5398A3177B9CB1770 /* Model */ = {
			isa = PBXGroup;
			children = (
				6D50D2A91B847A877A805F76 /* Garage.swift */,
				72D36D6C5DC9E1EAEC19E6CA /* GarageSeed.swift */,
			);
			name = Model;
			path = Model;
			sourceTree = "<group>";
		};
/* End PBXGroup section */

/* Begin PBXNativeTarget section */
		7DD2DB949C00EF475E877D09 /* IgnitionWidget */ = {
			isa = PBXNativeTarget;
			buildConfigurationList = 77992F624795236E30F3713F /* Build configuration list for PBXNativeTarget "IgnitionWidget" */;
			buildPhases = (
				88A32EFA4F862F8943296DC1 /* Sources */,
				D0C414976EE8A62FFF244EC7 /* Frameworks */,
				7C5613C478CF3A40F7C811D2 /* Resources */,
			);
			buildRules = (
			);
			dependencies = (
			);
			name = IgnitionWidget;
			productName = IgnitionWidget;
			productReference = 7B9C38DD18270B3436C7B48B /* IgnitionWidget.appex */;
			productType = "com.apple.product-type.app-extension";
		};
		B5BEE36C005C87CEFB46BF78 /* Ignition */ = {
			isa = PBXNativeTarget;
			buildConfigurationList = 47039C23E6F9FF084E8A2650 /* Build configuration list for PBXNativeTarget "Ignition" */;
			buildPhases = (
				0E8514A0F4661858A5C7A692 /* Sources */,
				3B538EDF21C4932E008FF5F4 /* Frameworks */,
				DE9EAACDCE8034BC8D9FF455 /* Resources */,
				204A9338AF298311D66A41CB /* Embed Foundation Extensions */,
			);
			buildRules = (
			);
			dependencies = (
				4EAFD7D5FC152C464FB3FA95 /* PBXTargetDependency */,
			);
			name = Ignition;
			productName = Ignition;
			productReference = 095AE9F910A15F4E1890871A /* Ignition.app */;
			productType = "com.apple.product-type.application";
		};
/* End PBXNativeTarget section */

/* Begin PBXProject section */
		ACD4FE46564356A77A72395E /* Project object */ = {
			isa = PBXProject;
			attributes = {
				LastSwiftUpdateCheck = 1600;
				LastUpgradeCheck = 1600;
			};
			buildConfigurationList = 9180315794E685DFFF342D17 /* Build configuration list for PBXProject "Ignition" */;
			compatibilityVersion = "Xcode 3.2";
			developmentRegion = en;
			hasScannedForEncodings = 0;
			knownRegions = (
				en,
				Base,
			);
			mainGroup = C1E1B5D870E1ED35A482F5AB;
			minimizedProjectReferenceProxies = 0;
			preferredProjectObjectVersion = 77;
			productRefGroup = 8388E406397086F6410B3D67 /* Products */;
			projectDirPath = "";
			projectRoot = "";
			targets = (
				B5BEE36C005C87CEFB46BF78 /* Ignition */,
				7DD2DB949C00EF475E877D09 /* IgnitionWidget */,
			);
		};
/* End PBXProject section */

/* Begin PBXResourcesBuildPhase section */
		7C5613C478CF3A40F7C811D2 /* Resources */ = {
			isa = PBXResourcesBuildPhase;
			buildActionMask = 2147483647;
			files = (
				BC5BCE49FA83A84FB610DF69 /* brands.json in Resources */,
				2B3B2266131811B2035C0E4D /* Brands.xcassets in Resources */,
			);
			runOnlyForDeploymentPostprocessing = 0;
		};
		DE9EAACDCE8034BC8D9FF455 /* Resources */ = {
			isa = PBXResourcesBuildPhase;
			buildActionMask = 2147483647;
			files = (
				11619984FD674687ABDD28F9 /* brands.json in Resources */,
				C72398CF44D2CD320323D0A0 /* Brands.xcassets in Resources */,
				7D0A6DAF52C0B070145C804C /* Assets.xcassets in Resources */,
			);
			runOnlyForDeploymentPostprocessing = 0;
		};
/* End PBXResourcesBuildPhase section */

/* Begin PBXSourcesBuildPhase section */
		0E8514A0F4661858A5C7A692 /* Sources */ = {
			isa = PBXSourcesBuildPhase;
			buildActionMask = 2147483647;
			files = (
				C3A11198F385C1E11968B9BA /* AudioNormalizer.swift in Sources */,
				8DEF28FF2DB1331605A1AF1B /* CarConnectionWatcher.swift in Sources */,
				26E2A9C952C5CDFE69A5776F /* ChimeRecipes.swift in Sources */,
				A4037D81E63CD589FA07D222 /* ChimeSynth.swift in Sources */,
				753B933D82090B63883B345F /* SoundLibrary.swift in Sources */,
				11C6B0D2BDDDF1311CDD52A5 /* StartupSoundPlayer.swift in Sources */,
				4F49B47D7950089A27398254 /* IgnitionApp.swift in Sources */,
				07B5848396E221CA5E879C83 /* StartupSoundIntents.swift in Sources */,
				1BBD27BB8E150DE3DA5E3755 /* Garage.swift in Sources */,
				543FD3683D895B3824980E31 /* GarageSeed.swift in Sources */,
				C7839F4677F667A0DE96E741 /* GarageView.swift in Sources */,
				E345CF88675DE26D9BB5DFD8 /* GuideView.swift in Sources */,
				5A74D4F8CE2B999C596D54D8 /* RootView.swift in Sources */,
				9D84832EFA0B49414FE665E5 /* SettingsView.swift in Sources */,
				083AD320D604C53DE45C5700 /* ShortcutsGuideView.swift in Sources */,
				326C21BB457869988AF2E42A /* SoundsView.swift in Sources */,
				82EE9FA5A89DBC14C787503A /* VehicleEditorView.swift in Sources */,
				3C7EB83959B4E932827BE5D1 /* WidgetEditorView.swift in Sources */,
				BECE677A2D5D12EB5D8E3FB3 /* Brand.swift in Sources */,
				BBFA9A292243E98F4BE0ED92 /* CarWidgetCard.swift in Sources */,
				BC1233F75DBF82D1AF8137D0 /* ColorHex.swift in Sources */,
				BEE3DC5B2EA519EA7EDF9983 /* SelectDesignIntent.swift in Sources */,
				D611EC259E4C3088DAD3AA98 /* SharedStore.swift in Sources */,
				D78E96FE9CA464BFB18D8954 /* StartupSound.swift in Sources */,
				8F5A6D090A8A78E2767CBBE3 /* VehicleProfile.swift in Sources */,
				82B5C891297D2CF3D196F0C0 /* WidgetDesign.swift in Sources */,
			);
			runOnlyForDeploymentPostprocessing = 0;
		};
		88A32EFA4F862F8943296DC1 /* Sources */ = {
			isa = PBXSourcesBuildPhase;
			buildActionMask = 2147483647;
			files = (
				755A67824EDF062BBEAC02C5 /* CarWidget.swift in Sources */,
				08E9464DA1A0C07FFDA1EE85 /* IgnitionWidgetBundle.swift in Sources */,
				E28BEE7BCEA3317825D7313F /* Brand.swift in Sources */,
				4FCCF559C7463B8C36B48E03 /* CarWidgetCard.swift in Sources */,
				13831DCA781B72CCC9DCE4D4 /* ColorHex.swift in Sources */,
				1673A0794DB9A7BD79283A82 /* SelectDesignIntent.swift in Sources */,
				F8B7DED7DCA18FD3F4097614 /* SharedStore.swift in Sources */,
				4C1AF3DBA262BA04FF7016B6 /* StartupSound.swift in Sources */,
				CB7F3FC0A19CA33242710EDD /* VehicleProfile.swift in Sources */,
				E4C6CDA1B0ACE6FBE839380B /* WidgetDesign.swift in Sources */,
			);
			runOnlyForDeploymentPostprocessing = 0;
		};
/* End PBXSourcesBuildPhase section */

/* Begin PBXTargetDependency section */
		4EAFD7D5FC152C464FB3FA95 /* PBXTargetDependency */ = {
			isa = PBXTargetDependency;
			name = IgnitionWidget;
			target = 7DD2DB949C00EF475E877D09 /* IgnitionWidget */;
			targetProxy = 868F26059F37EE49D57D54B8 /* PBXContainerItemProxy */;
		};
/* End PBXTargetDependency section */

/* Begin XCBuildConfiguration section */
		2409A409894EFC5AA9B6D61F /* Debug */ = {
			isa = XCBuildConfiguration;
			buildSettings = {
				ASSETCATALOG_COMPILER_APPICON_NAME = AppIcon;
				ASSETCATALOG_COMPILER_GLOBAL_ACCENT_COLOR_NAME = AccentColor;
				CLANG_ENABLE_OBJC_WEAK = NO;
				CODE_SIGN_ENTITLEMENTS = Ignition/Ignition.entitlements;
				CODE_SIGN_STYLE = Automatic;
				CURRENT_PROJECT_VERSION = 1;
				DEVELOPMENT_TEAM = JKMR84FU58;
				ENABLE_USER_SCRIPT_SANDBOXING = YES;
				GENERATE_INFOPLIST_FILE = NO;
				INFOPLIST_FILE = Ignition/Info.plist;
				IPHONEOS_DEPLOYMENT_TARGET = 26.5;
				LD_RUNPATH_SEARCH_PATHS = "$(inherited) @executable_path/Frameworks";
				MARKETING_VERSION = 1.0;
				PRODUCT_BUNDLE_IDENTIFIER = Altamirano.Ignition;
				PRODUCT_NAME = "$(TARGET_NAME)";
				SDKROOT = iphoneos;
				SWIFT_EMIT_LOC_STRINGS = YES;
				SWIFT_VERSION = 5.0;
				TARGETED_DEVICE_FAMILY = "1,2";
			};
			name = Debug;
		};
		6ECA5B7731CB63BD44136644 /* Release */ = {
			isa = XCBuildConfiguration;
			buildSettings = {
				ASSETCATALOG_COMPILER_APPICON_NAME = AppIcon;
				ASSETCATALOG_COMPILER_GLOBAL_ACCENT_COLOR_NAME = AccentColor;
				CLANG_ENABLE_OBJC_WEAK = NO;
				CODE_SIGN_ENTITLEMENTS = Ignition/Ignition.entitlements;
				CODE_SIGN_STYLE = Automatic;
				CURRENT_PROJECT_VERSION = 1;
				DEVELOPMENT_TEAM = JKMR84FU58;
				ENABLE_USER_SCRIPT_SANDBOXING = YES;
				GENERATE_INFOPLIST_FILE = NO;
				INFOPLIST_FILE = Ignition/Info.plist;
				IPHONEOS_DEPLOYMENT_TARGET = 26.5;
				LD_RUNPATH_SEARCH_PATHS = "$(inherited) @executable_path/Frameworks";
				MARKETING_VERSION = 1.0;
				PRODUCT_BUNDLE_IDENTIFIER = Altamirano.Ignition;
				PRODUCT_NAME = "$(TARGET_NAME)";
				SDKROOT = iphoneos;
				SWIFT_EMIT_LOC_STRINGS = YES;
				SWIFT_VERSION = 5.0;
				TARGETED_DEVICE_FAMILY = "1,2";
				VALIDATE_PRODUCT = YES;
			};
			name = Release;
		};
		9B1CA1BC865D8E7B88AFDCD1 /* Release */ = {
			isa = XCBuildConfiguration;
			buildSettings = {
				CLANG_ENABLE_OBJC_WEAK = NO;
				CODE_SIGN_ENTITLEMENTS = IgnitionWidget/IgnitionWidget.entitlements;
				CODE_SIGN_STYLE = Automatic;
				CURRENT_PROJECT_VERSION = 1;
				DEVELOPMENT_TEAM = JKMR84FU58;
				ENABLE_USER_SCRIPT_SANDBOXING = YES;
				GENERATE_INFOPLIST_FILE = NO;
				INFOPLIST_FILE = IgnitionWidget/Info.plist;
				IPHONEOS_DEPLOYMENT_TARGET = 26.5;
				LD_RUNPATH_SEARCH_PATHS = "$(inherited) @executable_path/Frameworks @executable_path/../../Frameworks";
				MARKETING_VERSION = 1.0;
				PRODUCT_BUNDLE_IDENTIFIER = Altamirano.Ignition.IgnitionWidget;
				PRODUCT_NAME = "$(TARGET_NAME)";
				SDKROOT = iphoneos;
				SKIP_INSTALL = YES;
				SWIFT_EMIT_LOC_STRINGS = YES;
				SWIFT_VERSION = 5.0;
				TARGETED_DEVICE_FAMILY = "1,2";
				VALIDATE_PRODUCT = YES;
			};
			name = Release;
		};
		A41A91EB96BBA16BC7AA92AA /* Debug */ = {
			isa = XCBuildConfiguration;
			buildSettings = {
				ALWAYS_SEARCH_USER_PATHS = NO;
				CLANG_ANALYZER_NONNULL = YES;
				CLANG_ANALYZER_NUMBER_OBJECT_CONVERSION = YES_AGGRESSIVE;
				CLANG_CXX_LANGUAGE_STANDARD = "gnu++14";
				CLANG_CXX_LIBRARY = "libc++";
				CLANG_ENABLE_MODULES = YES;
				CLANG_ENABLE_OBJC_ARC = YES;
				CLANG_ENABLE_OBJC_WEAK = YES;
				CLANG_WARN_BLOCK_CAPTURE_AUTORELEASING = YES;
				CLANG_WARN_BOOL_CONVERSION = YES;
				CLANG_WARN_COMMA = YES;
				CLANG_WARN_CONSTANT_CONVERSION = YES;
				CLANG_WARN_DEPRECATED_OBJC_IMPLEMENTATIONS = YES;
				CLANG_WARN_DIRECT_OBJC_ISA_USAGE = YES_ERROR;
				CLANG_WARN_DOCUMENTATION_COMMENTS = YES;
				CLANG_WARN_EMPTY_BODY = YES;
				CLANG_WARN_ENUM_CONVERSION = YES;
				CLANG_WARN_INFINITE_RECURSION = YES;
				CLANG_WARN_INT_CONVERSION = YES;
				CLANG_WARN_NON_LITERAL_NULL_CONVERSION = YES;
				CLANG_WARN_OBJC_IMPLICIT_RETAIN_SELF = YES;
				CLANG_WARN_OBJC_LITERAL_CONVERSION = YES;
				CLANG_WARN_OBJC_ROOT_CLASS = YES_ERROR;
				CLANG_WARN_QUOTED_INCLUDE_IN_FRAMEWORK_HEADER = YES;
				CLANG_WARN_RANGE_LOOP_ANALYSIS = YES;
				CLANG_WARN_STRICT_PROTOTYPES = YES;
				CLANG_WARN_SUSPICIOUS_MOVE = YES;
				CLANG_WARN_UNGUARDED_AVAILABILITY = YES_AGGRESSIVE;
				CLANG_WARN_UNREACHABLE_CODE = YES;
				CLANG_WARN__DUPLICATE_METHOD_MATCH = YES;
				COPY_PHASE_STRIP = NO;
				DEBUG_INFORMATION_FORMAT = dwarf;
				ENABLE_STRICT_OBJC_MSGSEND = YES;
				ENABLE_TESTABILITY = YES;
				GCC_C_LANGUAGE_STANDARD = gnu11;
				GCC_DYNAMIC_NO_PIC = NO;
				GCC_NO_COMMON_BLOCKS = YES;
				GCC_OPTIMIZATION_LEVEL = 0;
				GCC_PREPROCESSOR_DEFINITIONS = (
					"DEBUG=1",
					"$(inherited)",
				);
				GCC_WARN_64_TO_32_BIT_CONVERSION = YES;
				GCC_WARN_ABOUT_RETURN_TYPE = YES_ERROR;
				GCC_WARN_UNDECLARED_SELECTOR = YES;
				GCC_WARN_UNINITIALIZED_AUTOS = YES_AGGRESSIVE;
				GCC_WARN_UNUSED_FUNCTION = YES;
				GCC_WARN_UNUSED_VARIABLE = YES;
				MTL_ENABLE_DEBUG_INFO = INCLUDE_SOURCE;
				MTL_FAST_MATH = YES;
				ONLY_ACTIVE_ARCH = YES;
				PRODUCT_NAME = "$(TARGET_NAME)";
				SWIFT_ACTIVE_COMPILATION_CONDITIONS = DEBUG;
				SWIFT_OPTIMIZATION_LEVEL = "-Onone";
				SWIFT_STRICT_CONCURRENCY = complete;
				SWIFT_VERSION = 5.0;
			};
			name = Debug;
		};
		D141D498482D6C98F25E2576 /* Debug */ = {
			isa = XCBuildConfiguration;
			buildSettings = {
				CLANG_ENABLE_OBJC_WEAK = NO;
				CODE_SIGN_ENTITLEMENTS = IgnitionWidget/IgnitionWidget.entitlements;
				CODE_SIGN_STYLE = Automatic;
				CURRENT_PROJECT_VERSION = 1;
				DEVELOPMENT_TEAM = JKMR84FU58;
				ENABLE_USER_SCRIPT_SANDBOXING = YES;
				GENERATE_INFOPLIST_FILE = NO;
				INFOPLIST_FILE = IgnitionWidget/Info.plist;
				IPHONEOS_DEPLOYMENT_TARGET = 26.5;
				LD_RUNPATH_SEARCH_PATHS = "$(inherited) @executable_path/Frameworks @executable_path/../../Frameworks";
				MARKETING_VERSION = 1.0;
				PRODUCT_BUNDLE_IDENTIFIER = Altamirano.Ignition.IgnitionWidget;
				PRODUCT_NAME = "$(TARGET_NAME)";
				SDKROOT = iphoneos;
				SKIP_INSTALL = YES;
				SWIFT_EMIT_LOC_STRINGS = YES;
				SWIFT_VERSION = 5.0;
				TARGETED_DEVICE_FAMILY = "1,2";
			};
			name = Debug;
		};
		E88BE0CF0BE633FFB883CF3C /* Release */ = {
			isa = XCBuildConfiguration;
			buildSettings = {
				ALWAYS_SEARCH_USER_PATHS = NO;
				CLANG_ANALYZER_NONNULL = YES;
				CLANG_ANALYZER_NUMBER_OBJECT_CONVERSION = YES_AGGRESSIVE;
				CLANG_CXX_LANGUAGE_STANDARD = "gnu++14";
				CLANG_CXX_LIBRARY = "libc++";
				CLANG_ENABLE_MODULES = YES;
				CLANG_ENABLE_OBJC_ARC = YES;
				CLANG_ENABLE_OBJC_WEAK = YES;
				CLANG_WARN_BLOCK_CAPTURE_AUTORELEASING = YES;
				CLANG_WARN_BOOL_CONVERSION = YES;
				CLANG_WARN_COMMA = YES;
				CLANG_WARN_CONSTANT_CONVERSION = YES;
				CLANG_WARN_DEPRECATED_OBJC_IMPLEMENTATIONS = YES;
				CLANG_WARN_DIRECT_OBJC_ISA_USAGE = YES_ERROR;
				CLANG_WARN_DOCUMENTATION_COMMENTS = YES;
				CLANG_WARN_EMPTY_BODY = YES;
				CLANG_WARN_ENUM_CONVERSION = YES;
				CLANG_WARN_INFINITE_RECURSION = YES;
				CLANG_WARN_INT_CONVERSION = YES;
				CLANG_WARN_NON_LITERAL_NULL_CONVERSION = YES;
				CLANG_WARN_OBJC_IMPLICIT_RETAIN_SELF = YES;
				CLANG_WARN_OBJC_LITERAL_CONVERSION = YES;
				CLANG_WARN_OBJC_ROOT_CLASS = YES_ERROR;
				CLANG_WARN_QUOTED_INCLUDE_IN_FRAMEWORK_HEADER = YES;
				CLANG_WARN_RANGE_LOOP_ANALYSIS = YES;
				CLANG_WARN_STRICT_PROTOTYPES = YES;
				CLANG_WARN_SUSPICIOUS_MOVE = YES;
				CLANG_WARN_UNGUARDED_AVAILABILITY = YES_AGGRESSIVE;
				CLANG_WARN_UNREACHABLE_CODE = YES;
				CLANG_WARN__DUPLICATE_METHOD_MATCH = YES;
				COPY_PHASE_STRIP = NO;
				DEBUG_INFORMATION_FORMAT = "dwarf-with-dsym";
				ENABLE_NS_ASSERTIONS = NO;
				ENABLE_STRICT_OBJC_MSGSEND = YES;
				GCC_C_LANGUAGE_STANDARD = gnu11;
				GCC_NO_COMMON_BLOCKS = YES;
				GCC_WARN_64_TO_32_BIT_CONVERSION = YES;
				GCC_WARN_ABOUT_RETURN_TYPE = YES_ERROR;
				GCC_WARN_UNDECLARED_SELECTOR = YES;
				GCC_WARN_UNINITIALIZED_AUTOS = YES_AGGRESSIVE;
				GCC_WARN_UNUSED_FUNCTION = YES;
				GCC_WARN_UNUSED_VARIABLE = YES;
				MTL_ENABLE_DEBUG_INFO = NO;
				MTL_FAST_MATH = YES;
				PRODUCT_NAME = "$(TARGET_NAME)";
				SWIFT_COMPILATION_MODE = wholemodule;
				SWIFT_OPTIMIZATION_LEVEL = "-O";
				SWIFT_STRICT_CONCURRENCY = complete;
				SWIFT_VERSION = 5.0;
			};
			name = Release;
		};
/* End XCBuildConfiguration section */

/* Begin XCConfigurationList section */
		47039C23E6F9FF084E8A2650 /* Build configuration list for PBXNativeTarget "Ignition" */ = {
			isa = XCConfigurationList;
			buildConfigurations = (
				6ECA5B7731CB63BD44136644 /* Release */,
				2409A409894EFC5AA9B6D61F /* Debug */,
			);
			defaultConfigurationIsVisible = 0;
			defaultConfigurationName = Release;
		};
		77992F624795236E30F3713F /* Build configuration list for PBXNativeTarget "IgnitionWidget" */ = {
			isa = XCConfigurationList;
			buildConfigurations = (
				9B1CA1BC865D8E7B88AFDCD1 /* Release */,
				D141D498482D6C98F25E2576 /* Debug */,
			);
			defaultConfigurationIsVisible = 0;
			defaultConfigurationName = Release;
		};
		9180315794E685DFFF342D17 /* Build configuration list for PBXProject "Ignition" */ = {
			isa = XCConfigurationList;
			buildConfigurations = (
				A41A91EB96BBA16BC7AA92AA /* Debug */,
				E88BE0CF0BE633FFB883CF3C /* Release */,
			);
			defaultConfigurationIsVisible = 0;
			defaultConfigurationName = Release;
		};
/* End XCConfigurationList section */
	};
	rootObject = ACD4FE46564356A77A72395E /* Project object */;
}
