// !$*UTF8*$!
{
	archiveVersion = 1;
	classes = {
	};
	objectVersion = 46;
	objects = {

/* Begin PBXBuildFile section */
		0A4B5FBB52685DEA9330578B /* AudioNormalizer.swift in Sources */ = {isa = PBXBuildFile; fileRef = BD5837CFEE383CCCCA2E0CD3 /* AudioNormalizer.swift */; };
		0AA809F94395F245FF3922F3 /* Brands.xcassets in Resources */ = {isa = PBXBuildFile; fileRef = DF4D0DCEAE11003ECF77516F /* Brands.xcassets */; };
		0D52A255B484F1122B34DC92 /* SoundsView.swift in Sources */ = {isa = PBXBuildFile; fileRef = 3ED6194E19F9B0AE796896E1 /* SoundsView.swift */; };
		12D2DB94EFD998E8F88DAF4E /* StartupSound.swift in Sources */ = {isa = PBXBuildFile; fileRef = 3848A5DC2748AFFBD95FB1D8 /* StartupSound.swift */; };
		14B339FF86E7A41524E41770 /* SettingsView.swift in Sources */ = {isa = PBXBuildFile; fileRef = DFA1CFCA572B3245AE353B06 /* SettingsView.swift */; };
		1576076A0DAD29E45C93141D /* ColorHex.swift in Sources */ = {isa = PBXBuildFile; fileRef = E9EE5E67D1E691CF8829E5B7 /* ColorHex.swift */; };
		1CC17C0FD051C32153FAB414 /* brands.json in Resources */ = {isa = PBXBuildFile; fileRef = 30C434C5A2CA44BB8FFFC222 /* brands.json */; };
		1E4AD39671F323EF522C9D9F /* Brands.xcassets in Resources */ = {isa = PBXBuildFile; fileRef = DF4D0DCEAE11003ECF77516F /* Brands.xcassets */; };
		1FF37DCC6D8BEE451930BC34 /* Assets.xcassets in Resources */ = {isa = PBXBuildFile; fileRef = 7FEF0D06A032E538464619E9 /* Assets.xcassets */; };
		356ACB3743248B686D0C175F /* CarConnectionWatcher.swift in Sources */ = {isa = PBXBuildFile; fileRef = 37F547C06D0889E3EFFF1E95 /* CarConnectionWatcher.swift */; };
		3A922D62D8168495D838BAE9 /* Brand.swift in Sources */ = {isa = PBXBuildFile; fileRef = 5C041676BB5EC089A6A2FB9B /* Brand.swift */; };
		3DF873118414D8BD3AF19630 /* GuideView.swift in Sources */ = {isa = PBXBuildFile; fileRef = 8CBF7A0D5FAB0A6BFD29D52E /* GuideView.swift */; };
		528526AC3D1675F912C90691 /* ColorHex.swift in Sources */ = {isa = PBXBuildFile; fileRef = E9EE5E67D1E691CF8829E5B7 /* ColorHex.swift */; };
		5E84420E195B044E7147ED52 /* brands.json in Resources */ = {isa = PBXBuildFile; fileRef = 30C434C5A2CA44BB8FFFC222 /* brands.json */; };
		729475E832099E97F1115A49 /* ChimeRecipes.swift in Sources */ = {isa = PBXBuildFile; fileRef = 50CFF48F5C95FACD2457106E /* ChimeRecipes.swift */; };
		79418427A77C57CA3AA5AA37 /* StartupSoundIntents.swift in Sources */ = {isa = PBXBuildFile; fileRef = FF5EB47B7112FC5E062E6C99 /* StartupSoundIntents.swift */; };
		7B1AB9FA8361B95746EFC269 /* VehicleProfile.swift in Sources */ = {isa = PBXBuildFile; fileRef = D0AF9A19D7F87310888DC896 /* VehicleProfile.swift */; };
		7D2FA411D16403BEC474953D /* ChimeSynth.swift in Sources */ = {isa = PBXBuildFile; fileRef = E699875CC4748D0160231257 /* ChimeSynth.swift */; };
		81162EEA4E8A018B529B0D90 /* SelectDesignIntent.swift in Sources */ = {isa = PBXBuildFile; fileRef = 855E2B0A11FD67293663AC69 /* SelectDesignIntent.swift */; };
		998BAC6CAB82593F4E0F8743 /* TrimSoundView.swift in Sources */ = {isa = PBXBuildFile; fileRef = 51BEEC6EBB676C9C71F68DBF /* TrimSoundView.swift */; };
		9B331FE39B6C7F18EE243F04 /* WidgetDesign.swift in Sources */ = {isa = PBXBuildFile; fileRef = F28126B39D843349EB0D121B /* WidgetDesign.swift */; };
		9C387F9B4FD9105AF958B8ED /* SharedStore.swift in Sources */ = {isa = PBXBuildFile; fileRef = F5DD05916DA72189F4830F42 /* SharedStore.swift */; };
		9E14260884953BE581E3A763 /* SoundLibrary.swift in Sources */ = {isa = PBXBuildFile; fileRef = 1CA5E3D2DA4CBC5E311007C3 /* SoundLibrary.swift */; };
		9FC40B688C7B0B75C5AD0500 /* IgnitionWidgetBundle.swift in Sources */ = {isa = PBXBuildFile; fileRef = 917CC4D4EE5A1604FD715ADC /* IgnitionWidgetBundle.swift */; };
		A0DC4E750FE7D6FF47E23675 /* WidgetEditorView.swift in Sources */ = {isa = PBXBuildFile; fileRef = AB76D33A8518BE7073186962 /* WidgetEditorView.swift */; };
		A3043F94D1A386DE52E464C3 /* IgnitionWidget.appex in Embed Foundation Extensions */ = {isa = PBXBuildFile; fileRef = 202846F966CBA50985651F11 /* IgnitionWidget.appex */; settings = {ATTRIBUTES = (RemoveHeadersOnCopy, ); }; };
		A422B88AD98764E64DBAD6B1 /* Brand.swift in Sources */ = {isa = PBXBuildFile; fileRef = 5C041676BB5EC089A6A2FB9B /* Brand.swift */; };
		AE1A89F7800B4914F39C44FA /* Garage.swift in Sources */ = {isa = PBXBuildFile; fileRef = 157B8C62B5B395910DCEBA89 /* Garage.swift */; };
		AE75F06578A4CA3C74714307 /* StartupSoundPlayer.swift in Sources */ = {isa = PBXBuildFile; fileRef = 212F8A6B941FB96608475988 /* StartupSoundPlayer.swift */; };
		B0D8A7A7D1F8A41F13EBE395 /* ShortcutsGuideView.swift in Sources */ = {isa = PBXBuildFile; fileRef = 609013411A7DEA1654B66740 /* ShortcutsGuideView.swift */; };
		B33758EFED12C2A347C89932 /* CarWidgetCard.swift in Sources */ = {isa = PBXBuildFile; fileRef = 5F511ED5165E134E26F14ADD /* CarWidgetCard.swift */; };
		BFDCCDBF0C986AF570052650 /* SharedStore.swift in Sources */ = {isa = PBXBuildFile; fileRef = F5DD05916DA72189F4830F42 /* SharedStore.swift */; };
		C5CF3315FEE2BD677034935B /* RootView.swift in Sources */ = {isa = PBXBuildFile; fileRef = F706362C85F773C3ECEB1258 /* RootView.swift */; };
		C82CC7FA0210C3A1BEFFFA45 /* StartupSound.swift in Sources */ = {isa = PBXBuildFile; fileRef = 3848A5DC2748AFFBD95FB1D8 /* StartupSound.swift */; };
		CABC8759AB6C34740F733E4E /* VehicleProfile.swift in Sources */ = {isa = PBXBuildFile; fileRef = D0AF9A19D7F87310888DC896 /* VehicleProfile.swift */; };
		D33DA7032B47067D13B9B4C0 /* IgnitionApp.swift in Sources */ = {isa = PBXBuildFile; fileRef = 0DBB4BB64126F8EAF2B41DD7 /* IgnitionApp.swift */; };
		D3A66ADA3EE9BFCA70CF2D1C /* CarWidget.swift in Sources */ = {isa = PBXBuildFile; fileRef = 930415A298808C6BD8C0A221 /* CarWidget.swift */; };
		E17CB3BD9F35BA07E62020C2 /* WidgetDesign.swift in Sources */ = {isa = PBXBuildFile; fileRef = F28126B39D843349EB0D121B /* WidgetDesign.swift */; };
		E3CEAE52DC6866E5A5C2FFAF /* CarWidgetCard.swift in Sources */ = {isa = PBXBuildFile; fileRef = 5F511ED5165E134E26F14ADD /* CarWidgetCard.swift */; };
		E514EED0A4D2CB2F494C29F6 /* SelectDesignIntent.swift in Sources */ = {isa = PBXBuildFile; fileRef = 855E2B0A11FD67293663AC69 /* SelectDesignIntent.swift */; };
		E5BE19F4130FC6A69348391F /* GarageView.swift in Sources */ = {isa = PBXBuildFile; fileRef = 6D6D9D6C5A3D1A3106BB81EB /* GarageView.swift */; };
		E8DA22E315DC6CEACAFEB69A /* GarageSeed.swift in Sources */ = {isa = PBXBuildFile; fileRef = FAE9D802F1C1AC54912CD0E1 /* GarageSeed.swift */; };
		F6301F07E4FF0570E5CB4EB5 /* VehicleEditorView.swift in Sources */ = {isa = PBXBuildFile; fileRef = AF927E62FD98544B9111B29A /* VehicleEditorView.swift */; };
/* End PBXBuildFile section */

/* Begin PBXContainerItemProxy section */
		A53BD03BF50416468203A966 /* PBXContainerItemProxy */ = {
			isa = PBXContainerItemProxy;
			containerPortal = 5CFCC2699098A3D14ADFC3E4 /* Project object */;
			proxyType = 1;
			remoteGlobalIDString = 09AD46DE6F6628DFD1F12E0F;
			remoteInfo = IgnitionWidget;
		};
/* End PBXContainerItemProxy section */

/* Begin PBXCopyFilesBuildPhase section */
		B4D5B3EA4064AA5811789E72 /* Embed Foundation Extensions */ = {
			isa = PBXCopyFilesBuildPhase;
			buildActionMask = 2147483647;
			dstPath = "";
			dstSubfolderSpec = 13;
			files = (
				A3043F94D1A386DE52E464C3 /* IgnitionWidget.appex in Embed Foundation Extensions */,
			);
			name = "Embed Foundation Extensions";
			runOnlyForDeploymentPostprocessing = 0;
		};
/* End PBXCopyFilesBuildPhase section */

/* Begin PBXFileReference section */
		0225C4247E7326CA9BAEAB5A /* Foundation.framework */ = {isa = PBXFileReference; lastKnownFileType = wrapper.framework; name = Foundation.framework; path = Platforms/iPhoneOS.platform/Developer/SDKs/iPhoneOS18.0.sdk/System/Library/Frameworks/Foundation.framework; sourceTree = DEVELOPER_DIR; };
		0DBB4BB64126F8EAF2B41DD7 /* IgnitionApp.swift */ = {isa = PBXFileReference; includeInIndex = 1; lastKnownFileType = sourcecode.swift; path = IgnitionApp.swift; sourceTree = "<group>"; };
		157B8C62B5B395910DCEBA89 /* Garage.swift */ = {isa = PBXFileReference; includeInIndex = 1; lastKnownFileType = sourcecode.swift; path = Garage.swift; sourceTree = "<group>"; };
		198C07C09025F03A93157570 /* Ignition.app */ = {isa = PBXFileReference; explicitFileType = wrapper.application; includeInIndex = 0; path = Ignition.app; sourceTree = BUILT_PRODUCTS_DIR; };
		1CA5E3D2DA4CBC5E311007C3 /* SoundLibrary.swift */ = {isa = PBXFileReference; includeInIndex = 1; lastKnownFileType = sourcecode.swift; path = SoundLibrary.swift; sourceTree = "<group>"; };
		202846F966CBA50985651F11 /* IgnitionWidget.appex */ = {isa = PBXFileReference; explicitFileType = "wrapper.app-extension"; includeInIndex = 0; path = IgnitionWidget.appex; sourceTree = BUILT_PRODUCTS_DIR; };
		20CA8BB9DE92A41A2192B55E /* Info.plist */ = {isa = PBXFileReference; includeInIndex = 1; lastKnownFileType = text.plist.xml; path = Info.plist; sourceTree = "<group>"; };
		212F8A6B941FB96608475988 /* StartupSoundPlayer.swift */ = {isa = PBXFileReference; includeInIndex = 1; lastKnownFileType = sourcecode.swift; path = StartupSoundPlayer.swift; sourceTree = "<group>"; };
		30C434C5A2CA44BB8FFFC222 /* brands.json */ = {isa = PBXFileReference; includeInIndex = 1; path = brands.json; sourceTree = "<group>"; };
		37F547C06D0889E3EFFF1E95 /* CarConnectionWatcher.swift */ = {isa = PBXFileReference; includeInIndex = 1; lastKnownFileType = sourcecode.swift; path = CarConnectionWatcher.swift; sourceTree = "<group>"; };
		3848A5DC2748AFFBD95FB1D8 /* StartupSound.swift */ = {isa = PBXFileReference; includeInIndex = 1; lastKnownFileType = sourcecode.swift; path = StartupSound.swift; sourceTree = "<group>"; };
		3ED6194E19F9B0AE796896E1 /* SoundsView.swift */ = {isa = PBXFileReference; includeInIndex = 1; lastKnownFileType = sourcecode.swift; path = SoundsView.swift; sourceTree = "<group>"; };
		45B5D53055EDD8AC0AF713F7 /* Ignition.entitlements */ = {isa = PBXFileReference; includeInIndex = 1; lastKnownFileType = text.plist.entitlements; path = Ignition.entitlements; sourceTree = "<group>"; };
		50CFF48F5C95FACD2457106E /* ChimeRecipes.swift */ = {isa = PBXFileReference; includeInIndex = 1; lastKnownFileType = sourcecode.swift; path = ChimeRecipes.swift; sourceTree = "<group>"; };
		51BEEC6EBB676C9C71F68DBF /* TrimSoundView.swift */ = {isa = PBXFileReference; includeInIndex = 1; lastKnownFileType = sourcecode.swift; path = TrimSoundView.swift; sourceTree = "<group>"; };
		5C041676BB5EC089A6A2FB9B /* Brand.swift */ = {isa = PBXFileReference; includeInIndex = 1; lastKnownFileType = sourcecode.swift; path = Brand.swift; sourceTree = "<group>"; };
		5F511ED5165E134E26F14ADD /* CarWidgetCard.swift */ = {isa = PBXFileReference; includeInIndex = 1; lastKnownFileType = sourcecode.swift; path = CarWidgetCard.swift; sourceTree = "<group>"; };
		609013411A7DEA1654B66740 /* ShortcutsGuideView.swift */ = {isa = PBXFileReference; includeInIndex = 1; lastKnownFileType = sourcecode.swift; path = ShortcutsGuideView.swift; sourceTree = "<group>"; };
		6D6D9D6C5A3D1A3106BB81EB /* GarageView.swift */ = {isa = PBXFileReference; includeInIndex = 1; lastKnownFileType = sourcecode.swift; path = GarageView.swift; sourceTree = "<group>"; };
		7FEF0D06A032E538464619E9 /* Assets.xcassets */ = {isa = PBXFileReference; includeInIndex = 1; lastKnownFileType = folder.assetcatalog; path = Assets.xcassets; sourceTree = "<group>"; };
		855E2B0A11FD67293663AC69 /* SelectDesignIntent.swift */ = {isa = PBXFileReference; includeInIndex = 1; lastKnownFileType = sourcecode.swift; path = SelectDesignIntent.swift; sourceTree = "<group>"; };
		8CBF7A0D5FAB0A6BFD29D52E /* GuideView.swift */ = {isa = PBXFileReference; includeInIndex = 1; lastKnownFileType = sourcecode.swift; path = GuideView.swift; sourceTree = "<group>"; };
		917CC4D4EE5A1604FD715ADC /* IgnitionWidgetBundle.swift */ = {isa = PBXFileReference; includeInIndex = 1; lastKnownFileType = sourcecode.swift; path = IgnitionWidgetBundle.swift; sourceTree = "<group>"; };
		930415A298808C6BD8C0A221 /* CarWidget.swift */ = {isa = PBXFileReference; includeInIndex = 1; lastKnownFileType = sourcecode.swift; path = CarWidget.swift; sourceTree = "<group>"; };
		936AABB61BACB5C3920E0399 /* IgnitionWidget.entitlements */ = {isa = PBXFileReference; includeInIndex = 1; lastKnownFileType = text.plist.entitlements; path = IgnitionWidget.entitlements; sourceTree = "<group>"; };
		A5B1E06DBED11BCD2B73671D /* Info.plist */ = {isa = PBXFileReference; includeInIndex = 1; lastKnownFileType = text.plist.xml; path = Info.plist; sourceTree = "<group>"; };
		AB76D33A8518BE7073186962 /* WidgetEditorView.swift */ = {isa = PBXFileReference; includeInIndex = 1; lastKnownFileType = sourcecode.swift; path = WidgetEditorView.swift; sourceTree = "<group>"; };
		AF927E62FD98544B9111B29A /* VehicleEditorView.swift */ = {isa = PBXFileReference; includeInIndex = 1; lastKnownFileType = sourcecode.swift; path = VehicleEditorView.swift; sourceTree = "<group>"; };
		BD5837CFEE383CCCCA2E0CD3 /* AudioNormalizer.swift */ = {isa = PBXFileReference; includeInIndex = 1; lastKnownFileType = sourcecode.swift; path = AudioNormalizer.swift; sourceTree = "<group>"; };
		D0AF9A19D7F87310888DC896 /* VehicleProfile.swift */ = {isa = PBXFileReference; includeInIndex = 1; lastKnownFileType = sourcecode.swift; path = VehicleProfile.swift; sourceTree = "<group>"; };
		DF4D0DCEAE11003ECF77516F /* Brands.xcassets */ = {isa = PBXFileReference; includeInIndex = 1; lastKnownFileType = folder.assetcatalog; path = Brands.xcassets; sourceTree = "<group>"; };
		DFA1CFCA572B3245AE353B06 /* SettingsView.swift */ = {isa = PBXFileReference; includeInIndex = 1; lastKnownFileType = sourcecode.swift; path = SettingsView.swift; sourceTree = "<group>"; };
		E699875CC4748D0160231257 /* ChimeSynth.swift */ = {isa = PBXFileReference; includeInIndex = 1; lastKnownFileType = sourcecode.swift; path = ChimeSynth.swift; sourceTree = "<group>"; };
		E9EE5E67D1E691CF8829E5B7 /* ColorHex.swift */ = {isa = PBXFileReference; includeInIndex = 1; lastKnownFileType = sourcecode.swift; path = ColorHex.swift; sourceTree = "<group>"; };
		F28126B39D843349EB0D121B /* WidgetDesign.swift */ = {isa = PBXFileReference; includeInIndex = 1; lastKnownFileType = sourcecode.swift; path = WidgetDesign.swift; sourceTree = "<group>"; };
		F5DD05916DA72189F4830F42 /* SharedStore.swift */ = {isa = PBXFileReference; includeInIndex = 1; lastKnownFileType = sourcecode.swift; path = SharedStore.swift; sourceTree = "<group>"; };
		F706362C85F773C3ECEB1258 /* RootView.swift */ = {isa = PBXFileReference; includeInIndex = 1; lastKnownFileType = sourcecode.swift; path = RootView.swift; sourceTree = "<group>"; };
		FAE9D802F1C1AC54912CD0E1 /* GarageSeed.swift */ = {isa = PBXFileReference; includeInIndex = 1; lastKnownFileType = sourcecode.swift; path = GarageSeed.swift; sourceTree = "<group>"; };
		FF5EB47B7112FC5E062E6C99 /* StartupSoundIntents.swift */ = {isa = PBXFileReference; includeInIndex = 1; lastKnownFileType = sourcecode.swift; path = StartupSoundIntents.swift; sourceTree = "<group>"; };
/* End PBXFileReference section */

/* Begin PBXFrameworksBuildPhase section */
		2B74F8827928B00BDC7A008D /* Frameworks */ = {
			isa = PBXFrameworksBuildPhase;
			buildActionMask = 2147483647;
			files = (
			);
			runOnlyForDeploymentPostprocessing = 0;
		};
		46086EB82EB0FF8938BE1066 /* Frameworks */ = {
			isa = PBXFrameworksBuildPhase;
			buildActionMask = 2147483647;
			files = (
			);
			runOnlyForDeploymentPostprocessing = 0;
		};
/* End PBXFrameworksBuildPhase section */

/* Begin PBXGroup section */
		06F9215AD895CEE8314869E9 /* IgnitionWidget */ = {
			isa = PBXGroup;
			children = (
				930415A298808C6BD8C0A221 /* CarWidget.swift */,
				917CC4D4EE5A1604FD715ADC /* IgnitionWidgetBundle.swift */,
				A5B1E06DBED11BCD2B73671D /* Info.plist */,
				936AABB61BACB5C3920E0399 /* IgnitionWidget.entitlements */,
			);
			name = IgnitionWidget;
			path = IgnitionWidget;
			sourceTree = "<group>";
		};
		3B4F41F645569F138EE42345 /* Audio */ = {
			isa = PBXGroup;
			children = (
				BD5837CFEE383CCCCA2E0CD3 /* AudioNormalizer.swift */,
				37F547C06D0889E3EFFF1E95 /* CarConnectionWatcher.swift */,
				50CFF48F5C95FACD2457106E /* ChimeRecipes.swift */,
				E699875CC4748D0160231257 /* ChimeSynth.swift */,
				1CA5E3D2DA4CBC5E311007C3 /* SoundLibrary.swift */,
				212F8A6B941FB96608475988 /* StartupSoundPlayer.swift */,
			);
			name = Audio;
			path = Audio;
			sourceTree = "<group>";
		};
		5727F8C4D84C83F57B7198B7 /* Shared */ = {
			isa = PBXGroup;
			children = (
				5C041676BB5EC089A6A2FB9B /* Brand.swift */,
				5F511ED5165E134E26F14ADD /* CarWidgetCard.swift */,
				E9EE5E67D1E691CF8829E5B7 /* ColorHex.swift */,
				855E2B0A11FD67293663AC69 /* SelectDesignIntent.swift */,
				F5DD05916DA72189F4830F42 /* SharedStore.swift */,
				3848A5DC2748AFFBD95FB1D8 /* StartupSound.swift */,
				D0AF9A19D7F87310888DC896 /* VehicleProfile.swift */,
				F28126B39D843349EB0D121B /* WidgetDesign.swift */,
				30C434C5A2CA44BB8FFFC222 /* brands.json */,
			);
			name = Shared;
			path = Shared;
			sourceTree = "<group>";
		};
		76D7AA2C43AE27C76A58D8BC /* iOS */ = {
			isa = PBXGroup;
			children = (
				0225C4247E7326CA9BAEAB5A /* Foundation.framework */,
			);
			name = iOS;
			sourceTree = "<group>";
		};
		7A691BE5AAC262E22806000A /* Views */ = {
			isa = PBXGroup;
			children = (
				6D6D9D6C5A3D1A3106BB81EB /* GarageView.swift */,
				8CBF7A0D5FAB0A6BFD29D52E /* GuideView.swift */,
				F706362C85F773C3ECEB1258 /* RootView.swift */,
				DFA1CFCA572B3245AE353B06 /* SettingsView.swift */,
				609013411A7DEA1654B66740 /* ShortcutsGuideView.swift */,
				3ED6194E19F9B0AE796896E1 /* SoundsView.swift */,
				51BEEC6EBB676C9C71F68DBF /* TrimSoundView.swift */,
				AF927E62FD98544B9111B29A /* VehicleEditorView.swift */,
				AB76D33A8518BE7073186962 /* WidgetEditorView.swift */,
			);
			name = Views;
			path = Views;
			sourceTree = "<group>";
		};
		83E2CD35D89366722A3B90BA /* Frameworks */ = {
			isa = PBXGroup;
			children = (
				76D7AA2C43AE27C76A58D8BC /* iOS */,
			);
			name = Frameworks;
			sourceTree = "<group>";
		};
		8C1CE225A451CB08183A1BDF /* Intents */ = {
			isa = PBXGroup;
			children = (
				FF5EB47B7112FC5E062E6C99 /* StartupSoundIntents.swift */,
			);
			name = Intents;
			path = Intents;
			sourceTree = "<group>";
		};
		8DAFD1B9D13A77C22874B60C /* Model */ = {
			isa = PBXGroup;
			children = (
				157B8C62B5B395910DCEBA89 /* Garage.swift */,
				FAE9D802F1C1AC54912CD0E1 /* GarageSeed.swift */,
			);
			name = Model;
			path = Model;
			sourceTree = "<group>";
		};
		ACB95EF68FF6813CCF3574CF /* Products */ = {
			isa = PBXGroup;
			children = (
				198C07C09025F03A93157570 /* Ignition.app */,
				202846F966CBA50985651F11 /* IgnitionWidget.appex */,
			);
			name = Products;
			sourceTree = "<group>";
		};
		ADA16FB507FB55D830751169 = {
			isa = PBXGroup;
			children = (
				ACB95EF68FF6813CCF3574CF /* Products */,
				83E2CD35D89366722A3B90BA /* Frameworks */,
				C3A18B0C8B9E26CC2728EBEB /* Ignition */,
				06F9215AD895CEE8314869E9 /* IgnitionWidget */,
				5727F8C4D84C83F57B7198B7 /* Shared */,
				ED8D9FD70C4297B48FDE3597 /* Brands */,
			);
			sourceTree = "<group>";
		};
		C3A18B0C8B9E26CC2728EBEB /* Ignition */ = {
			isa = PBXGroup;
			children = (
				3B4F41F645569F138EE42345 /* Audio */,
				0DBB4BB64126F8EAF2B41DD7 /* IgnitionApp.swift */,
				8C1CE225A451CB08183A1BDF /* Intents */,
				8DAFD1B9D13A77C22874B60C /* Model */,
				EC7AAFF4966AFBF39D332301 /* Resources */,
				7A691BE5AAC262E22806000A /* Views */,
				7FEF0D06A032E538464619E9 /* Assets.xcassets */,
				20CA8BB9DE92A41A2192B55E /* Info.plist */,
				45B5D53055EDD8AC0AF713F7 /* Ignition.entitlements */,
			);
			name = Ignition;
			path = Ignition;
			sourceTree = "<group>";
		};
		EC7AAFF4966AFBF39D332301 /* Resources */ = {
			isa = PBXGroup;
			children = (
			);
			name = Resources;
			path = Resources;
			sourceTree = "<group>";
		};
		ED8D9FD70C4297B48FDE3597 /* Brands */ = {
			isa = PBXGroup;
			children = (
				DF4D0DCEAE11003ECF77516F /* Brands.xcassets */,
			);
			name = Brands;
			path = Brands;
			sourceTree = "<group>";
		};
/* End PBXGroup section */

/* Begin PBXNativeTarget section */
		09AD46DE6F6628DFD1F12E0F /* IgnitionWidget */ = {
			isa = PBXNativeTarget;
			buildConfigurationList = 23A497FE221B6C3B930E863F /* Build configuration list for PBXNativeTarget "IgnitionWidget" */;
			buildPhases = (
				FE25711796435E9F9FAEC3A4 /* Sources */,
				2B74F8827928B00BDC7A008D /* Frameworks */,
				372A5B6C759F3589025CC7AE /* Resources */,
			);
			buildRules = (
			);
			dependencies = (
			);
			name = IgnitionWidget;
			productName = IgnitionWidget;
			productReference = 202846F966CBA50985651F11 /* IgnitionWidget.appex */;
			productType = "com.apple.product-type.app-extension";
		};
		2947B7312F5421C775787A83 /* Ignition */ = {
			isa = PBXNativeTarget;
			buildConfigurationList = 0A1A97C6BE2FF8E06D2E0DC4 /* Build configuration list for PBXNativeTarget "Ignition" */;
			buildPhases = (
				B64A8AA221F9C063C2CA7B80 /* Sources */,
				46086EB82EB0FF8938BE1066 /* Frameworks */,
				0F91F5A35897D1486DDD28A1 /* Resources */,
				B4D5B3EA4064AA5811789E72 /* Embed Foundation Extensions */,
			);
			buildRules = (
			);
			dependencies = (
				D21C8E7E258DBE1E3B0E797F /* PBXTargetDependency */,
			);
			name = Ignition;
			productName = Ignition;
			productReference = 198C07C09025F03A93157570 /* Ignition.app */;
			productType = "com.apple.product-type.application";
		};
/* End PBXNativeTarget section */

/* Begin PBXProject section */
		5CFCC2699098A3D14ADFC3E4 /* Project object */ = {
			isa = PBXProject;
			attributes = {
				LastSwiftUpdateCheck = 1600;
				LastUpgradeCheck = 1600;
			};
			buildConfigurationList = 6321E583CD8AE66A77806DB4 /* Build configuration list for PBXProject "Ignition" */;
			compatibilityVersion = "Xcode 3.2";
			developmentRegion = en;
			hasScannedForEncodings = 0;
			knownRegions = (
				en,
				Base,
			);
			mainGroup = ADA16FB507FB55D830751169;
			minimizedProjectReferenceProxies = 0;
			preferredProjectObjectVersion = 77;
			productRefGroup = ACB95EF68FF6813CCF3574CF /* Products */;
			projectDirPath = "";
			projectRoot = "";
			targets = (
				2947B7312F5421C775787A83 /* Ignition */,
				09AD46DE6F6628DFD1F12E0F /* IgnitionWidget */,
			);
		};
/* End PBXProject section */

/* Begin PBXResourcesBuildPhase section */
		0F91F5A35897D1486DDD28A1 /* Resources */ = {
			isa = PBXResourcesBuildPhase;
			buildActionMask = 2147483647;
			files = (
				1CC17C0FD051C32153FAB414 /* brands.json in Resources */,
				1E4AD39671F323EF522C9D9F /* Brands.xcassets in Resources */,
				1FF37DCC6D8BEE451930BC34 /* Assets.xcassets in Resources */,
			);
			runOnlyForDeploymentPostprocessing = 0;
		};
		372A5B6C759F3589025CC7AE /* Resources */ = {
			isa = PBXResourcesBuildPhase;
			buildActionMask = 2147483647;
			files = (
				5E84420E195B044E7147ED52 /* brands.json in Resources */,
				0AA809F94395F245FF3922F3 /* Brands.xcassets in Resources */,
			);
			runOnlyForDeploymentPostprocessing = 0;
		};
/* End PBXResourcesBuildPhase section */

/* Begin PBXSourcesBuildPhase section */
		B64A8AA221F9C063C2CA7B80 /* Sources */ = {
			isa = PBXSourcesBuildPhase;
			buildActionMask = 2147483647;
			files = (
				0A4B5FBB52685DEA9330578B /* AudioNormalizer.swift in Sources */,
				356ACB3743248B686D0C175F /* CarConnectionWatcher.swift in Sources */,
				729475E832099E97F1115A49 /* ChimeRecipes.swift in Sources */,
				7D2FA411D16403BEC474953D /* ChimeSynth.swift in Sources */,
				9E14260884953BE581E3A763 /* SoundLibrary.swift in Sources */,
				AE75F06578A4CA3C74714307 /* StartupSoundPlayer.swift in Sources */,
				D33DA7032B47067D13B9B4C0 /* IgnitionApp.swift in Sources */,
				79418427A77C57CA3AA5AA37 /* StartupSoundIntents.swift in Sources */,
				AE1A89F7800B4914F39C44FA /* Garage.swift in Sources */,
				E8DA22E315DC6CEACAFEB69A /* GarageSeed.swift in Sources */,
				E5BE19F4130FC6A69348391F /* GarageView.swift in Sources */,
				3DF873118414D8BD3AF19630 /* GuideView.swift in Sources */,
				C5CF3315FEE2BD677034935B /* RootView.swift in Sources */,
				14B339FF86E7A41524E41770 /* SettingsView.swift in Sources */,
				B0D8A7A7D1F8A41F13EBE395 /* ShortcutsGuideView.swift in Sources */,
				0D52A255B484F1122B34DC92 /* SoundsView.swift in Sources */,
				998BAC6CAB82593F4E0F8743 /* TrimSoundView.swift in Sources */,
				F6301F07E4FF0570E5CB4EB5 /* VehicleEditorView.swift in Sources */,
				A0DC4E750FE7D6FF47E23675 /* WidgetEditorView.swift in Sources */,
				3A922D62D8168495D838BAE9 /* Brand.swift in Sources */,
				B33758EFED12C2A347C89932 /* CarWidgetCard.swift in Sources */,
				528526AC3D1675F912C90691 /* ColorHex.swift in Sources */,
				81162EEA4E8A018B529B0D90 /* SelectDesignIntent.swift in Sources */,
				9C387F9B4FD9105AF958B8ED /* SharedStore.swift in Sources */,
				C82CC7FA0210C3A1BEFFFA45 /* StartupSound.swift in Sources */,
				7B1AB9FA8361B95746EFC269 /* VehicleProfile.swift in Sources */,
				E17CB3BD9F35BA07E62020C2 /* WidgetDesign.swift in Sources */,
			);
			runOnlyForDeploymentPostprocessing = 0;
		};
		FE25711796435E9F9FAEC3A4 /* Sources */ = {
			isa = PBXSourcesBuildPhase;
			buildActionMask = 2147483647;
			files = (
				D3A66ADA3EE9BFCA70CF2D1C /* CarWidget.swift in Sources */,
				9FC40B688C7B0B75C5AD0500 /* IgnitionWidgetBundle.swift in Sources */,
				A422B88AD98764E64DBAD6B1 /* Brand.swift in Sources */,
				E3CEAE52DC6866E5A5C2FFAF /* CarWidgetCard.swift in Sources */,
				1576076A0DAD29E45C93141D /* ColorHex.swift in Sources */,
				E514EED0A4D2CB2F494C29F6 /* SelectDesignIntent.swift in Sources */,
				BFDCCDBF0C986AF570052650 /* SharedStore.swift in Sources */,
				12D2DB94EFD998E8F88DAF4E /* StartupSound.swift in Sources */,
				CABC8759AB6C34740F733E4E /* VehicleProfile.swift in Sources */,
				9B331FE39B6C7F18EE243F04 /* WidgetDesign.swift in Sources */,
			);
			runOnlyForDeploymentPostprocessing = 0;
		};
/* End PBXSourcesBuildPhase section */

/* Begin PBXTargetDependency section */
		D21C8E7E258DBE1E3B0E797F /* PBXTargetDependency */ = {
			isa = PBXTargetDependency;
			name = IgnitionWidget;
			target = 09AD46DE6F6628DFD1F12E0F /* IgnitionWidget */;
			targetProxy = A53BD03BF50416468203A966 /* PBXContainerItemProxy */;
		};
/* End PBXTargetDependency section */

/* Begin XCBuildConfiguration section */
		4D3D4435D3462A550133EA9D /* Release */ = {
			isa = XCBuildConfiguration;
			buildSettings = {
				ALWAYS_SEARCH_USER_PATHS = NO;
				CLANG_ANALYZER_NONNULL = YES;
				CLANG_ANALYZER_NUMBER_OBJECT_CONVERSION = YES_AGGRESSIVE;
				CLANG_CXX_LANGUAGE_STANDARD = "gnu++14";
				CLANG_CXX_LIBRARY = "libc++";
				CLANG_ENABLE_MODULES = YES;
				CLANG_ENABLE_OBJC_ARC = YES;
				CLANG_ENABLE_OBJC_WEAK = YES;
				CLANG_WARN_BLOCK_CAPTURE_AUTORELEASING = YES;
				CLANG_WARN_BOOL_CONVERSION = YES;
				CLANG_WARN_COMMA = YES;
				CLANG_WARN_CONSTANT_CONVERSION = YES;
				CLANG_WARN_DEPRECATED_OBJC_IMPLEMENTATIONS = YES;
				CLANG_WARN_DIRECT_OBJC_ISA_USAGE = YES_ERROR;
				CLANG_WARN_DOCUMENTATION_COMMENTS = YES;
				CLANG_WARN_EMPTY_BODY = YES;
				CLANG_WARN_ENUM_CONVERSION = YES;
				CLANG_WARN_INFINITE_RECURSION = YES;
				CLANG_WARN_INT_CONVERSION = YES;
				CLANG_WARN_NON_LITERAL_NULL_CONVERSION = YES;
				CLANG_WARN_OBJC_IMPLICIT_RETAIN_SELF = YES;
				CLANG_WARN_OBJC_LITERAL_CONVERSION = YES;
				CLANG_WARN_OBJC_ROOT_CLASS = YES_ERROR;
				CLANG_WARN_QUOTED_INCLUDE_IN_FRAMEWORK_HEADER = YES;
				CLANG_WARN_RANGE_LOOP_ANALYSIS = YES;
				CLANG_WARN_STRICT_PROTOTYPES = YES;
				CLANG_WARN_SUSPICIOUS_MOVE = YES;
				CLANG_WARN_UNGUARDED_AVAILABILITY = YES_AGGRESSIVE;
				CLANG_WARN_UNREACHABLE_CODE = YES;
				CLANG_WARN__DUPLICATE_METHOD_MATCH = YES;
				COPY_PHASE_STRIP = NO;
				DEBUG_INFORMATION_FORMAT = "dwarf-with-dsym";
				ENABLE_NS_ASSERTIONS = NO;
				ENABLE_STRICT_OBJC_MSGSEND = YES;
				GCC_C_LANGUAGE_STANDARD = gnu11;
				GCC_NO_COMMON_BLOCKS = YES;
				GCC_WARN_64_TO_32_BIT_CONVERSION = YES;
				GCC_WARN_ABOUT_RETURN_TYPE = YES_ERROR;
				GCC_WARN_UNDECLARED_SELECTOR = YES;
				GCC_WARN_UNINITIALIZED_AUTOS = YES_AGGRESSIVE;
				GCC_WARN_UNUSED_FUNCTION = YES;
				GCC_WARN_UNUSED_VARIABLE = YES;
				MTL_ENABLE_DEBUG_INFO = NO;
				MTL_FAST_MATH = YES;
				PRODUCT_NAME = "$(TARGET_NAME)";
				SWIFT_COMPILATION_MODE = wholemodule;
				SWIFT_OPTIMIZATION_LEVEL = "-O";
				SWIFT_STRICT_CONCURRENCY = complete;
				SWIFT_VERSION = 5.0;
			};
			name = Release;
		};
		70AC602D85613DF3C18C2933 /* Debug */ = {
			isa = XCBuildConfiguration;
			buildSettings = {
				ALWAYS_SEARCH_USER_PATHS = NO;
				CLANG_ANALYZER_NONNULL = YES;
				CLANG_ANALYZER_NUMBER_OBJECT_CONVERSION = YES_AGGRESSIVE;
				CLANG_CXX_LANGUAGE_STANDARD = "gnu++14";
				CLANG_CXX_LIBRARY = "libc++";
				CLANG_ENABLE_MODULES = YES;
				CLANG_ENABLE_OBJC_ARC = YES;
				CLANG_ENABLE_OBJC_WEAK = YES;
				CLANG_WARN_BLOCK_CAPTURE_AUTORELEASING = YES;
				CLANG_WARN_BOOL_CONVERSION = YES;
				CLANG_WARN_COMMA = YES;
				CLANG_WARN_CONSTANT_CONVERSION = YES;
				CLANG_WARN_DEPRECATED_OBJC_IMPLEMENTATIONS = YES;
				CLANG_WARN_DIRECT_OBJC_ISA_USAGE = YES_ERROR;
				CLANG_WARN_DOCUMENTATION_COMMENTS = YES;
				CLANG_WARN_EMPTY_BODY = YES;
				CLANG_WARN_ENUM_CONVERSION = YES;
				CLANG_WARN_INFINITE_RECURSION = YES;
				CLANG_WARN_INT_CONVERSION = YES;
				CLANG_WARN_NON_LITERAL_NULL_CONVERSION = YES;
				CLANG_WARN_OBJC_IMPLICIT_RETAIN_SELF = YES;
				CLANG_WARN_OBJC_LITERAL_CONVERSION = YES;
				CLANG_WARN_OBJC_ROOT_CLASS = YES_ERROR;
				CLANG_WARN_QUOTED_INCLUDE_IN_FRAMEWORK_HEADER = YES;
				CLANG_WARN_RANGE_LOOP_ANALYSIS = YES;
				CLANG_WARN_STRICT_PROTOTYPES = YES;
				CLANG_WARN_SUSPICIOUS_MOVE = YES;
				CLANG_WARN_UNGUARDED_AVAILABILITY = YES_AGGRESSIVE;
				CLANG_WARN_UNREACHABLE_CODE = YES;
				CLANG_WARN__DUPLICATE_METHOD_MATCH = YES;
				COPY_PHASE_STRIP = NO;
				DEBUG_INFORMATION_FORMAT = dwarf;
				ENABLE_STRICT_OBJC_MSGSEND = YES;
				ENABLE_TESTABILITY = YES;
				GCC_C_LANGUAGE_STANDARD = gnu11;
				GCC_DYNAMIC_NO_PIC = NO;
				GCC_NO_COMMON_BLOCKS = YES;
				GCC_OPTIMIZATION_LEVEL = 0;
				GCC_PREPROCESSOR_DEFINITIONS = (
					"DEBUG=1",
					"$(inherited)",
				);
				GCC_WARN_64_TO_32_BIT_CONVERSION = YES;
				GCC_WARN_ABOUT_RETURN_TYPE = YES_ERROR;
				GCC_WARN_UNDECLARED_SELECTOR = YES;
				GCC_WARN_UNINITIALIZED_AUTOS = YES_AGGRESSIVE;
				GCC_WARN_UNUSED_FUNCTION = YES;
				GCC_WARN_UNUSED_VARIABLE = YES;
				MTL_ENABLE_DEBUG_INFO = INCLUDE_SOURCE;
				MTL_FAST_MATH = YES;
				ONLY_ACTIVE_ARCH = YES;
				PRODUCT_NAME = "$(TARGET_NAME)";
				SWIFT_ACTIVE_COMPILATION_CONDITIONS = DEBUG;
				SWIFT_OPTIMIZATION_LEVEL = "-Onone";
				SWIFT_STRICT_CONCURRENCY = complete;
				SWIFT_VERSION = 5.0;
			};
			name = Debug;
		};
		A5107352C2597D85E64D7871 /* Release */ = {
			isa = XCBuildConfiguration;
			buildSettings = {
				ASSETCATALOG_COMPILER_APPICON_NAME = AppIcon;
				ASSETCATALOG_COMPILER_GLOBAL_ACCENT_COLOR_NAME = AccentColor;
				CLANG_ENABLE_OBJC_WEAK = NO;
				CODE_SIGN_ENTITLEMENTS = Ignition/Ignition.entitlements;
				CODE_SIGN_STYLE = Automatic;
				CURRENT_PROJECT_VERSION = 1;
				DEVELOPMENT_TEAM = JKMR84FU58;
				ENABLE_USER_SCRIPT_SANDBOXING = YES;
				GENERATE_INFOPLIST_FILE = NO;
				INFOPLIST_FILE = Ignition/Info.plist;
				IPHONEOS_DEPLOYMENT_TARGET = 26.5;
				LD_RUNPATH_SEARCH_PATHS = "$(inherited) @executable_path/Frameworks";
				MARKETING_VERSION = 1.0;
				PRODUCT_BUNDLE_IDENTIFIER = Altamirano.Ignition;
				PRODUCT_NAME = "$(TARGET_NAME)";
				SDKROOT = iphoneos;
				SWIFT_EMIT_LOC_STRINGS = YES;
				SWIFT_VERSION = 5.0;
				TARGETED_DEVICE_FAMILY = "1,2";
				VALIDATE_PRODUCT = YES;
			};
			name = Release;
		};
		C4C4FCA92A35B11F64097256 /* Release */ = {
			isa = XCBuildConfiguration;
			buildSettings = {
				CLANG_ENABLE_OBJC_WEAK = NO;
				CODE_SIGN_ENTITLEMENTS = IgnitionWidget/IgnitionWidget.entitlements;
				CODE_SIGN_STYLE = Automatic;
				CURRENT_PROJECT_VERSION = 1;
				DEVELOPMENT_TEAM = JKMR84FU58;
				ENABLE_USER_SCRIPT_SANDBOXING = YES;
				GENERATE_INFOPLIST_FILE = NO;
				INFOPLIST_FILE = IgnitionWidget/Info.plist;
				IPHONEOS_DEPLOYMENT_TARGET = 26.5;
				LD_RUNPATH_SEARCH_PATHS = "$(inherited) @executable_path/Frameworks @executable_path/../../Frameworks";
				MARKETING_VERSION = 1.0;
				PRODUCT_BUNDLE_IDENTIFIER = Altamirano.Ignition.IgnitionWidget;
				PRODUCT_NAME = "$(TARGET_NAME)";
				SDKROOT = iphoneos;
				SKIP_INSTALL = YES;
				SWIFT_EMIT_LOC_STRINGS = YES;
				SWIFT_VERSION = 5.0;
				TARGETED_DEVICE_FAMILY = "1,2";
				VALIDATE_PRODUCT = YES;
			};
			name = Release;
		};
		C67335518EEDE51AAC15CAD4 /* Debug */ = {
			isa = XCBuildConfiguration;
			buildSettings = {
				CLANG_ENABLE_OBJC_WEAK = NO;
				CODE_SIGN_ENTITLEMENTS = IgnitionWidget/IgnitionWidget.entitlements;
				CODE_SIGN_STYLE = Automatic;
				CURRENT_PROJECT_VERSION = 1;
				DEVELOPMENT_TEAM = JKMR84FU58;
				ENABLE_USER_SCRIPT_SANDBOXING = YES;
				GENERATE_INFOPLIST_FILE = NO;
				INFOPLIST_FILE = IgnitionWidget/Info.plist;
				IPHONEOS_DEPLOYMENT_TARGET = 26.5;
				LD_RUNPATH_SEARCH_PATHS = "$(inherited) @executable_path/Frameworks @executable_path/../../Frameworks";
				MARKETING_VERSION = 1.0;
				PRODUCT_BUNDLE_IDENTIFIER = Altamirano.Ignition.IgnitionWidget;
				PRODUCT_NAME = "$(TARGET_NAME)";
				SDKROOT = iphoneos;
				SKIP_INSTALL = YES;
				SWIFT_EMIT_LOC_STRINGS = YES;
				SWIFT_VERSION = 5.0;
				TARGETED_DEVICE_FAMILY = "1,2";
			};
			name = Debug;
		};
		D79AC652DC01CD3C011CCAE1 /* Debug */ = {
			isa = XCBuildConfiguration;
			buildSettings = {
				ASSETCATALOG_COMPILER_APPICON_NAME = AppIcon;
				ASSETCATALOG_COMPILER_GLOBAL_ACCENT_COLOR_NAME = AccentColor;
				CLANG_ENABLE_OBJC_WEAK = NO;
				CODE_SIGN_ENTITLEMENTS = Ignition/Ignition.entitlements;
				CODE_SIGN_STYLE = Automatic;
				CURRENT_PROJECT_VERSION = 1;
				DEVELOPMENT_TEAM = JKMR84FU58;
				ENABLE_USER_SCRIPT_SANDBOXING = YES;
				GENERATE_INFOPLIST_FILE = NO;
				INFOPLIST_FILE = Ignition/Info.plist;
				IPHONEOS_DEPLOYMENT_TARGET = 26.5;
				LD_RUNPATH_SEARCH_PATHS = "$(inherited) @executable_path/Frameworks";
				MARKETING_VERSION = 1.0;
				PRODUCT_BUNDLE_IDENTIFIER = Altamirano.Ignition;
				PRODUCT_NAME = "$(TARGET_NAME)";
				SDKROOT = iphoneos;
				SWIFT_EMIT_LOC_STRINGS = YES;
				SWIFT_VERSION = 5.0;
				TARGETED_DEVICE_FAMILY = "1,2";
			};
			name = Debug;
		};
/* End XCBuildConfiguration section */

/* Begin XCConfigurationList section */
		0A1A97C6BE2FF8E06D2E0DC4 /* Build configuration list for PBXNativeTarget "Ignition" */ = {
			isa = XCConfigurationList;
			buildConfigurations = (
				A5107352C2597D85E64D7871 /* Release */,
				D79AC652DC01CD3C011CCAE1 /* Debug */,
			);
			defaultConfigurationIsVisible = 0;
			defaultConfigurationName = Release;
		};
		23A497FE221B6C3B930E863F /* Build configuration list for PBXNativeTarget "IgnitionWidget" */ = {
			isa = XCConfigurationList;
			buildConfigurations = (
				C4C4FCA92A35B11F64097256 /* Release */,
				C67335518EEDE51AAC15CAD4 /* Debug */,
			);
			defaultConfigurationIsVisible = 0;
			defaultConfigurationName = Release;
		};
		6321E583CD8AE66A77806DB4 /* Build configuration list for PBXProject "Ignition" */ = {
			isa = XCConfigurationList;
			buildConfigurations = (
				70AC602D85613DF3C18C2933 /* Debug */,
				4D3D4435D3462A550133EA9D /* Release */,
			);
			defaultConfigurationIsVisible = 0;
			defaultConfigurationName = Release;
		};
/* End XCConfigurationList section */
	};
	rootObject = 5CFCC2699098A3D14ADFC3E4 /* Project object */;
}
